// !$*UTF8*$!
{
	archiveVersion = 1;
	classes = {
	};
	objectVersion = 46;
	objects = {

/* Begin PBXBuildFile section */
		00938E53108A397A0009CF19 /* dynamic_flac.c in Sources */ = {isa = PBXBuildFile; fileRef = 00938E49108A397A0009CF19 /* dynamic_flac.c */; };
		00938E54108A397A0009CF19 /* dynamic_flac.h in Headers */ = {isa = PBXBuildFile; fileRef = 00938E4A108A397A0009CF19 /* dynamic_flac.h */; };
		00938E55108A397A0009CF19 /* dynamic_mod.c in Sources */ = {isa = PBXBuildFile; fileRef = 00938E4B108A397A0009CF19 /* dynamic_mod.c */; };
		00938E56108A397A0009CF19 /* dynamic_mp3.h in Headers */ = {isa = PBXBuildFile; fileRef = 00938E4C108A397A0009CF19 /* dynamic_mp3.h */; };
		00938E57108A397A0009CF19 /* dynamic_ogg.h in Headers */ = {isa = PBXBuildFile; fileRef = 00938E4D108A397A0009CF19 /* dynamic_ogg.h */; };
		04939B4A17E607250015E4E3 /* load_mp3.c in Sources */ = {isa = PBXBuildFile; fileRef = 04939B4817E607250015E4E3 /* load_mp3.c */; };
		04939B4B17E607250015E4E3 /* load_mp3.h in Headers */ = {isa = PBXBuildFile; fileRef = 04939B4917E607250015E4E3 /* load_mp3.h */; };
		04A8FCA60A19CAEC0046373F /* dynamic_mp3.c in Sources */ = {isa = PBXBuildFile; fileRef = 04A8FCA40A19CAEC0046373F /* dynamic_mp3.c */; };
		04A8FCAB0A19CB070046373F /* dynamic_ogg.c in Sources */ = {isa = PBXBuildFile; fileRef = 04A8FCA90A19CB070046373F /* dynamic_ogg.c */; };
		AA5F0F0914B6A6490036992F /* dynamic_fluidsynth.c in Sources */ = {isa = PBXBuildFile; fileRef = AA5F0F0214B6A6490036992F /* dynamic_fluidsynth.c */; };
		AA5F0F0A14B6A6490036992F /* dynamic_fluidsynth.h in Headers */ = {isa = PBXBuildFile; fileRef = AA5F0F0314B6A6490036992F /* dynamic_fluidsynth.h */; };
		AA5F0F0B14B6A6490036992F /* dynamic_mod.h in Headers */ = {isa = PBXBuildFile; fileRef = AA5F0F0414B6A6490036992F /* dynamic_mod.h */; };
		AA5F0F0C14B6A6490036992F /* fluidsynth.c in Sources */ = {isa = PBXBuildFile; fileRef = AA5F0F0514B6A6490036992F /* fluidsynth.c */; };
		AA5F0F0D14B6A6490036992F /* fluidsynth.h in Headers */ = {isa = PBXBuildFile; fileRef = AA5F0F0614B6A6490036992F /* fluidsynth.h */; };
		AA5F0F0E14B6A6490036992F /* music_modplug.c in Sources */ = {isa = PBXBuildFile; fileRef = AA5F0F0714B6A6490036992F /* music_modplug.c */; };
		AA5F0F0F14B6A6490036992F /* music_modplug.h in Headers */ = {isa = PBXBuildFile; fileRef = AA5F0F0814B6A6490036992F /* music_modplug.h */; };
		AA60217217653A9800662B9C /* fastmix.cpp in Sources */ = {isa = PBXBuildFile; fileRef = AA60214D17653A9800662B9C /* fastmix.cpp */; };
		AA60217317653A9800662B9C /* load_669.cpp in Sources */ = {isa = PBXBuildFile; fileRef = AA60214E17653A9800662B9C /* load_669.cpp */; };
		AA60217417653A9800662B9C /* load_abc.cpp in Sources */ = {isa = PBXBuildFile; fileRef = AA60214F17653A9800662B9C /* load_abc.cpp */; };
		AA60217517653A9800662B9C /* load_amf.cpp in Sources */ = {isa = PBXBuildFile; fileRef = AA60215017653A9800662B9C /* load_amf.cpp */; };
		AA60217617653A9800662B9C /* load_ams.cpp in Sources */ = {isa = PBXBuildFile; fileRef = AA60215117653A9800662B9C /* load_ams.cpp */; };
		AA60217717653A9800662B9C /* load_dbm.cpp in Sources */ = {isa = PBXBuildFile; fileRef = AA60215217653A9800662B9C /* load_dbm.cpp */; };
		AA60217817653A9800662B9C /* load_dmf.cpp in Sources */ = {isa = PBXBuildFile; fileRef = AA60215317653A9800662B9C /* load_dmf.cpp */; };
		AA60217917653A9800662B9C /* load_dsm.cpp in Sources */ = {isa = PBXBuildFile; fileRef = AA60215417653A9800662B9C /* load_dsm.cpp */; };
		AA60217A17653A9800662B9C /* load_far.cpp in Sources */ = {isa = PBXBuildFile; fileRef = AA60215517653A9800662B9C /* load_far.cpp */; };
		AA60217B17653A9800662B9C /* load_it.cpp in Sources */ = {isa = PBXBuildFile; fileRef = AA60215617653A9800662B9C /* load_it.cpp */; };
		AA60217C17653A9800662B9C /* load_j2b.cpp in Sources */ = {isa = PBXBuildFile; fileRef = AA60215717653A9800662B9C /* load_j2b.cpp */; };
		AA60217D17653A9800662B9C /* load_mdl.cpp in Sources */ = {isa = PBXBuildFile; fileRef = AA60215817653A9800662B9C /* load_mdl.cpp */; };
		AA60217E17653A9800662B9C /* load_med.cpp in Sources */ = {isa = PBXBuildFile; fileRef = AA60215917653A9800662B9C /* load_med.cpp */; };
		AA60217F17653A9800662B9C /* load_mid.cpp in Sources */ = {isa = PBXBuildFile; fileRef = AA60215A17653A9800662B9C /* load_mid.cpp */; };
		AA60218017653A9800662B9C /* load_mod.cpp in Sources */ = {isa = PBXBuildFile; fileRef = AA60215B17653A9800662B9C /* load_mod.cpp */; };
		AA60218117653A9800662B9C /* load_mt2.cpp in Sources */ = {isa = PBXBuildFile; fileRef = AA60215C17653A9800662B9C /* load_mt2.cpp */; };
		AA60218217653A9800662B9C /* load_mtm.cpp in Sources */ = {isa = PBXBuildFile; fileRef = AA60215D17653A9800662B9C /* load_mtm.cpp */; };
		AA60218317653A9800662B9C /* load_okt.cpp in Sources */ = {isa = PBXBuildFile; fileRef = AA60215E17653A9800662B9C /* load_okt.cpp */; };
		AA60218417653A9800662B9C /* load_pat.cpp in Sources */ = {isa = PBXBuildFile; fileRef = AA60215F17653A9800662B9C /* load_pat.cpp */; };
		AA60218517653A9800662B9C /* load_pat.h in Headers */ = {isa = PBXBuildFile; fileRef = AA60216017653A9800662B9C /* load_pat.h */; };
		AA60218617653A9800662B9C /* load_psm.cpp in Sources */ = {isa = PBXBuildFile; fileRef = AA60216117653A9800662B9C /* load_psm.cpp */; };
		AA60218717653A9800662B9C /* load_ptm.cpp in Sources */ = {isa = PBXBuildFile; fileRef = AA60216217653A9800662B9C /* load_ptm.cpp */; };
		AA60218817653A9800662B9C /* load_s3m.cpp in Sources */ = {isa = PBXBuildFile; fileRef = AA60216317653A9800662B9C /* load_s3m.cpp */; };
		AA60218917653A9800662B9C /* load_stm.cpp in Sources */ = {isa = PBXBuildFile; fileRef = AA60216417653A9800662B9C /* load_stm.cpp */; };
		AA60218A17653A9800662B9C /* load_ult.cpp in Sources */ = {isa = PBXBuildFile; fileRef = AA60216517653A9800662B9C /* load_ult.cpp */; };
		AA60218B17653A9800662B9C /* load_umx.cpp in Sources */ = {isa = PBXBuildFile; fileRef = AA60216617653A9800662B9C /* load_umx.cpp */; };
		AA60218C17653A9800662B9C /* load_wav.cpp in Sources */ = {isa = PBXBuildFile; fileRef = AA60216717653A9800662B9C /* load_wav.cpp */; };
		AA60218D17653A9800662B9C /* load_xm.cpp in Sources */ = {isa = PBXBuildFile; fileRef = AA60216817653A9800662B9C /* load_xm.cpp */; };
		AA60218E17653A9800662B9C /* mmcmp.cpp in Sources */ = {isa = PBXBuildFile; fileRef = AA60216917653A9800662B9C /* mmcmp.cpp */; };
		AA60218F17653A9800662B9C /* modplug.cpp in Sources */ = {isa = PBXBuildFile; fileRef = AA60216A17653A9800662B9C /* modplug.cpp */; };
		AA60219017653A9800662B9C /* modplug.h in Headers */ = {isa = PBXBuildFile; fileRef = AA60216B17653A9800662B9C /* modplug.h */; };
		AA60219117653A9800662B9C /* snd_dsp.cpp in Sources */ = {isa = PBXBuildFile; fileRef = AA60216C17653A9800662B9C /* snd_dsp.cpp */; };
		AA60219217653A9800662B9C /* snd_flt.cpp in Sources */ = {isa = PBXBuildFile; fileRef = AA60216D17653A9800662B9C /* snd_flt.cpp */; };
		AA60219317653A9800662B9C /* snd_fx.cpp in Sources */ = {isa = PBXBuildFile; fileRef = AA60216E17653A9800662B9C /* snd_fx.cpp */; };
		AA60219417653A9800662B9C /* sndfile.cpp in Sources */ = {isa = PBXBuildFile; fileRef = AA60216F17653A9800662B9C /* sndfile.cpp */; };
		AA60219517653A9800662B9C /* sndmix.cpp in Sources */ = {isa = PBXBuildFile; fileRef = AA60217017653A9800662B9C /* sndmix.cpp */; };
		AA60219617653A9800662B9C /* tables.h in Headers */ = {isa = PBXBuildFile; fileRef = AA60217117653A9800662B9C /* tables.h */; };
		AA60219917653B8700662B9C /* dynamic_modplug.c in Sources */ = {isa = PBXBuildFile; fileRef = AA60219717653B8700662B9C /* dynamic_modplug.c */; };
		AA60219A17653B8700662B9C /* dynamic_modplug.h in Headers */ = {isa = PBXBuildFile; fileRef = AA60219817653B8700662B9C /* dynamic_modplug.h */; };
		AA644294175B0E0600A2125A /* bitwise.c in Sources */ = {isa = PBXBuildFile; fileRef = AA644292175B0E0600A2125A /* bitwise.c */; };
		AA644295175B0E0600A2125A /* framing.c in Sources */ = {isa = PBXBuildFile; fileRef = AA644293175B0E0600A2125A /* framing.c */; };
		AA64429E175B0E2500A2125A /* asm_arm.h in Headers */ = {isa = PBXBuildFile; fileRef = AA644296175B0E2500A2125A /* asm_arm.h */; };
		AA64429F175B0E2500A2125A /* backends.h in Headers */ = {isa = PBXBuildFile; fileRef = AA644297175B0E2500A2125A /* backends.h */; };
		AA6442A0175B0E2500A2125A /* block.c in Sources */ = {isa = PBXBuildFile; fileRef = AA644298175B0E2500A2125A /* block.c */; };
		AA6442A1175B0E2500A2125A /* block.h in Headers */ = {isa = PBXBuildFile; fileRef = AA644299175B0E2500A2125A /* block.h */; };
		AA6442A2175B0E2500A2125A /* codebook.c in Sources */ = {isa = PBXBuildFile; fileRef = AA64429A175B0E2500A2125A /* codebook.c */; };
		AA6442A3175B0E2500A2125A /* codebook.h in Headers */ = {isa = PBXBuildFile; fileRef = AA64429B175B0E2500A2125A /* codebook.h */; };
		AA6442A4175B0E2500A2125A /* codec_internal.h in Headers */ = {isa = PBXBuildFile; fileRef = AA64429C175B0E2500A2125A /* codec_internal.h */; };
		AA6442A5175B0E2500A2125A /* config_types.h in Headers */ = {isa = PBXBuildFile; fileRef = AA64429D175B0E2500A2125A /* config_types.h */; };
		AA6442BB175B0E5000A2125A /* floor0.c in Sources */ = {isa = PBXBuildFile; fileRef = AA6442A6175B0E5000A2125A /* floor0.c */; };
		AA6442BC175B0E5000A2125A /* floor1.c in Sources */ = {isa = PBXBuildFile; fileRef = AA6442A7175B0E5000A2125A /* floor1.c */; };
		AA6442BD175B0E5000A2125A /* info.c in Sources */ = {isa = PBXBuildFile; fileRef = AA6442A8175B0E5000A2125A /* info.c */; };
		AA6442BE175B0E5000A2125A /* ivorbiscodec.h in Headers */ = {isa = PBXBuildFile; fileRef = AA6442A9175B0E5000A2125A /* ivorbiscodec.h */; };
		AA6442BF175B0E5000A2125A /* ivorbisfile.h in Headers */ = {isa = PBXBuildFile; fileRef = AA6442AA175B0E5000A2125A /* ivorbisfile.h */; };
		AA6442C0175B0E5000A2125A /* lsp_lookup.h in Headers */ = {isa = PBXBuildFile; fileRef = AA6442AB175B0E5000A2125A /* lsp_lookup.h */; };
		AA6442C1175B0E5000A2125A /* mapping0.c in Sources */ = {isa = PBXBuildFile; fileRef = AA6442AC175B0E5000A2125A /* mapping0.c */; };
		AA6442C2175B0E5000A2125A /* mdct_lookup.h in Headers */ = {isa = PBXBuildFile; fileRef = AA6442AD175B0E5000A2125A /* mdct_lookup.h */; };
		AA6442C3175B0E5000A2125A /* mdct.c in Sources */ = {isa = PBXBuildFile; fileRef = AA6442AE175B0E5000A2125A /* mdct.c */; };
		AA6442C4175B0E5000A2125A /* mdct.h in Headers */ = {isa = PBXBuildFile; fileRef = AA6442AF175B0E5000A2125A /* mdct.h */; };
		AA6442C5175B0E5000A2125A /* misc.h in Headers */ = {isa = PBXBuildFile; fileRef = AA6442B0175B0E5000A2125A /* misc.h */; };
		AA6442C6175B0E5000A2125A /* os.h in Headers */ = {isa = PBXBuildFile; fileRef = AA6442B1175B0E5000A2125A /* os.h */; };
		AA6442C7175B0E5000A2125A /* registry.c in Sources */ = {isa = PBXBuildFile; fileRef = AA6442B2175B0E5000A2125A /* registry.c */; };
		AA6442C8175B0E5000A2125A /* registry.h in Headers */ = {isa = PBXBuildFile; fileRef = AA6442B3175B0E5000A2125A /* registry.h */; };
		AA6442C9175B0E5000A2125A /* res012.c in Sources */ = {isa = PBXBuildFile; fileRef = AA6442B4175B0E5000A2125A /* res012.c */; };
		AA6442CA175B0E5000A2125A /* sharedbook.c in Sources */ = {isa = PBXBuildFile; fileRef = AA6442B5175B0E5000A2125A /* sharedbook.c */; };
		AA6442CB175B0E5000A2125A /* synthesis.c in Sources */ = {isa = PBXBuildFile; fileRef = AA6442B6175B0E5000A2125A /* synthesis.c */; };
		AA6442CC175B0E5000A2125A /* vorbisfile.c in Sources */ = {isa = PBXBuildFile; fileRef = AA6442B7175B0E5000A2125A /* vorbisfile.c */; };
		AA6442CD175B0E5000A2125A /* window_lookup.h in Headers */ = {isa = PBXBuildFile; fileRef = AA6442B8175B0E5000A2125A /* window_lookup.h */; };
		AA6442CE175B0E5000A2125A /* window.c in Sources */ = {isa = PBXBuildFile; fileRef = AA6442B9175B0E5000A2125A /* window.c */; };
		AA6442CF175B0E5000A2125A /* window.h in Headers */ = {isa = PBXBuildFile; fileRef = AA6442BA175B0E5000A2125A /* window.h */; };
		BE1FA90C07AF96B2004B6283 /* music_cmd.h in Headers */ = {isa = PBXBuildFile; fileRef = 5CC1B87B012FB8CD7F000001 /* music_cmd.h */; };
		BE1FA90D07AF96B2004B6283 /* music_ogg.h in Headers */ = {isa = PBXBuildFile; fileRef = 5CC1B87D012FB8CD7F000001 /* music_ogg.h */; };
		BE1FA90E07AF96B2004B6283 /* common.h in Headers */ = {isa = PBXBuildFile; fileRef = 5CC1B881012FB8CD7F000001 /* common.h */; };
		BE1FA90F07AF96B2004B6283 /* config.h in Headers */ = {isa = PBXBuildFile; fileRef = 5CC1B882012FB8CD7F000001 /* config.h */; };
		BE1FA91007AF96B2004B6283 /* ctrlmode.h in Headers */ = {isa = PBXBuildFile; fileRef = 5CC1B884012FB8CD7F000001 /* ctrlmode.h */; };
		BE1FA91107AF96B2004B6283 /* filter.h in Headers */ = {isa = PBXBuildFile; fileRef = 5CC1B886012FB8CD7F000001 /* filter.h */; };
		BE1FA91207AF96B2004B6283 /* instrum.h in Headers */ = {isa = PBXBuildFile; fileRef = 5CC1B888012FB8CD7F000001 /* instrum.h */; };
		BE1FA91307AF96B2004B6283 /* mix.h in Headers */ = {isa = PBXBuildFile; fileRef = 5CC1B88A012FB8CD7F000001 /* mix.h */; };
		BE1FA91407AF96B2004B6283 /* output.h in Headers */ = {isa = PBXBuildFile; fileRef = 5CC1B88C012FB8CD7F000001 /* output.h */; };
		BE1FA91507AF96B2004B6283 /* playmidi.h in Headers */ = {isa = PBXBuildFile; fileRef = 5CC1B88E012FB8CD7F000001 /* playmidi.h */; };
		BE1FA91607AF96B2004B6283 /* readmidi.h in Headers */ = {isa = PBXBuildFile; fileRef = 5CC1B890012FB8CD7F000001 /* readmidi.h */; };
		BE1FA91707AF96B2004B6283 /* resample.h in Headers */ = {isa = PBXBuildFile; fileRef = 5CC1B892012FB8CD7F000001 /* resample.h */; };
		BE1FA91807AF96B2004B6283 /* tables.h in Headers */ = {isa = PBXBuildFile; fileRef = 5CC1B896012FB8CD7F000001 /* tables.h */; };
		BE1FA91907AF96B2004B6283 /* timidity.h in Headers */ = {isa = PBXBuildFile; fileRef = 5CC1B898012FB8CD7F000001 /* timidity.h */; };
		BE1FA91A07AF96B2004B6283 /* wavestream.h in Headers */ = {isa = PBXBuildFile; fileRef = 5CC1B89C012FB8CD7F000001 /* wavestream.h */; };
		BE1FA91B07AF96B2004B6283 /* effects_internal.h in Headers */ = {isa = PBXBuildFile; fileRef = F567D63E01CD881401F3E8B9 /* effects_internal.h */; };
		BE1FA91C07AF96B2004B6283 /* load_aiff.h in Headers */ = {isa = PBXBuildFile; fileRef = F567D64801CD88A701F3E8B9 /* load_aiff.h */; };
		BE1FA91D07AF96B2004B6283 /* load_voc.h in Headers */ = {isa = PBXBuildFile; fileRef = F567D64A01CD88A701F3E8B9 /* load_voc.h */; };
		BE1FA91E07AF96B2004B6283 /* load_ogg.h in Headers */ = {isa = PBXBuildFile; fileRef = B2A42D0F03FAC6A400A8000A /* load_ogg.h */; };
		BE1FA93807AF96B2004B6283 /* mixer.c in Sources */ = {isa = PBXBuildFile; fileRef = 5CC1B879012FB8CD7F000001 /* mixer.c */; };
		BE1FA93907AF96B2004B6283 /* music_cmd.c in Sources */ = {isa = PBXBuildFile; fileRef = 5CC1B87A012FB8CD7F000001 /* music_cmd.c */; };
		BE1FA93A07AF96B2004B6283 /* music_ogg.c in Sources */ = {isa = PBXBuildFile; fileRef = 5CC1B87C012FB8CD7F000001 /* music_ogg.c */; };
		BE1FA93B07AF96B2004B6283 /* music.c in Sources */ = {isa = PBXBuildFile; fileRef = 5CC1B87E012FB8CD7F000001 /* music.c */; };
		BE1FA93C07AF96B2004B6283 /* common.c in Sources */ = {isa = PBXBuildFile; fileRef = 5CC1B880012FB8CD7F000001 /* common.c */; };
		BE1FA93D07AF96B2004B6283 /* ctrlmode.c in Sources */ = {isa = PBXBuildFile; fileRef = 5CC1B883012FB8CD7F000001 /* ctrlmode.c */; };
		BE1FA93E07AF96B2004B6283 /* filter.c in Sources */ = {isa = PBXBuildFile; fileRef = 5CC1B885012FB8CD7F000001 /* filter.c */; };
		BE1FA93F07AF96B2004B6283 /* instrum.c in Sources */ = {isa = PBXBuildFile; fileRef = 5CC1B887012FB8CD7F000001 /* instrum.c */; };
		BE1FA94007AF96B2004B6283 /* mix.c in Sources */ = {isa = PBXBuildFile; fileRef = 5CC1B889012FB8CD7F000001 /* mix.c */; };
		BE1FA94107AF96B2004B6283 /* output.c in Sources */ = {isa = PBXBuildFile; fileRef = 5CC1B88B012FB8CD7F000001 /* output.c */; };
		BE1FA94207AF96B2004B6283 /* playmidi.c in Sources */ = {isa = PBXBuildFile; fileRef = 5CC1B88D012FB8CD7F000001 /* playmidi.c */; };
		BE1FA94307AF96B2004B6283 /* readmidi.c in Sources */ = {isa = PBXBuildFile; fileRef = 5CC1B88F012FB8CD7F000001 /* readmidi.c */; };
		BE1FA94407AF96B2004B6283 /* resample.c in Sources */ = {isa = PBXBuildFile; fileRef = 5CC1B891012FB8CD7F000001 /* resample.c */; };
		BE1FA94507AF96B2004B6283 /* sdl_a.c in Sources */ = {isa = PBXBuildFile; fileRef = 5CC1B893012FB8CD7F000001 /* sdl_a.c */; };
		BE1FA94607AF96B2004B6283 /* sdl_c.c in Sources */ = {isa = PBXBuildFile; fileRef = 5CC1B894012FB8CD7F000001 /* sdl_c.c */; };
		BE1FA94707AF96B2004B6283 /* tables.c in Sources */ = {isa = PBXBuildFile; fileRef = 5CC1B895012FB8CD7F000001 /* tables.c */; };
		BE1FA94807AF96B2004B6283 /* timidity.c in Sources */ = {isa = PBXBuildFile; fileRef = 5CC1B897012FB8CD7F000001 /* timidity.c */; };
		BE1FA94907AF96B2004B6283 /* wavestream.c in Sources */ = {isa = PBXBuildFile; fileRef = 5CC1B89B012FB8CD7F000001 /* wavestream.c */; };
		BE1FA94A07AF96B2004B6283 /* effect_position.c in Sources */ = {isa = PBXBuildFile; fileRef = F567D63B01CD881401F3E8B9 /* effect_position.c */; };
		BE1FA94B07AF96B2004B6283 /* effect_stereoreverse.c in Sources */ = {isa = PBXBuildFile; fileRef = F567D63C01CD881401F3E8B9 /* effect_stereoreverse.c */; };
		BE1FA94C07AF96B2004B6283 /* effects_internal.c in Sources */ = {isa = PBXBuildFile; fileRef = F567D63D01CD881401F3E8B9 /* effects_internal.c */; };
		BE1FA94D07AF96B2004B6283 /* load_aiff.c in Sources */ = {isa = PBXBuildFile; fileRef = F567D64701CD88A701F3E8B9 /* load_aiff.c */; };
		BE1FA94E07AF96B2004B6283 /* load_voc.c in Sources */ = {isa = PBXBuildFile; fileRef = F567D64901CD88A701F3E8B9 /* load_voc.c */; };
		BE1FA94F07AF96B2004B6283 /* load_ogg.c in Sources */ = {isa = PBXBuildFile; fileRef = B2A42D0E03FAC6A400A8000A /* load_ogg.c */; };
/* End PBXBuildFile section */

/* Begin PBXFileReference section */
		00938E2B108A37800009CF19 /* load_flac.c */ = {isa = PBXFileReference; fileEncoding = 4; lastKnownFileType = sourcecode.c.c; name = load_flac.c; path = ../load_flac.c; sourceTree = SOURCE_ROOT; };
		00938E2C108A37800009CF19 /* load_flac.h */ = {isa = PBXFileReference; fileEncoding = 4; lastKnownFileType = sourcecode.c.h; name = load_flac.h; path = ../load_flac.h; sourceTree = SOURCE_ROOT; };
		00938E2D108A37800009CF19 /* music_flac.c */ = {isa = PBXFileReference; fileEncoding = 4; lastKnownFileType = sourcecode.c.c; name = music_flac.c; path = ../music_flac.c; sourceTree = SOURCE_ROOT; };
		00938E2E108A37800009CF19 /* music_flac.h */ = {isa = PBXFileReference; fileEncoding = 4; lastKnownFileType = sourcecode.c.h; name = music_flac.h; path = ../music_flac.h; sourceTree = SOURCE_ROOT; };
		00938E2F108A37800009CF19 /* music_mad.c */ = {isa = PBXFileReference; fileEncoding = 4; lastKnownFileType = sourcecode.c.c; name = music_mad.c; path = ../music_mad.c; sourceTree = SOURCE_ROOT; };
		00938E30108A37800009CF19 /* music_mad.h */ = {isa = PBXFileReference; fileEncoding = 4; lastKnownFileType = sourcecode.c.h; name = music_mad.h; path = ../music_mad.h; sourceTree = SOURCE_ROOT; };
		00938E31108A37800009CF19 /* music_mod.c */ = {isa = PBXFileReference; fileEncoding = 4; lastKnownFileType = sourcecode.c.c; name = music_mod.c; path = ../music_mod.c; sourceTree = SOURCE_ROOT; };
		00938E32108A37800009CF19 /* music_mod.h */ = {isa = PBXFileReference; fileEncoding = 4; lastKnownFileType = sourcecode.c.h; name = music_mod.h; path = ../music_mod.h; sourceTree = SOURCE_ROOT; };
		00938E49108A397A0009CF19 /* dynamic_flac.c */ = {isa = PBXFileReference; fileEncoding = 4; lastKnownFileType = sourcecode.c.c; name = dynamic_flac.c; path = ../dynamic_flac.c; sourceTree = SOURCE_ROOT; };
		00938E4A108A397A0009CF19 /* dynamic_flac.h */ = {isa = PBXFileReference; fileEncoding = 4; lastKnownFileType = sourcecode.c.h; name = dynamic_flac.h; path = ../dynamic_flac.h; sourceTree = SOURCE_ROOT; };
		00938E4B108A397A0009CF19 /* dynamic_mod.c */ = {isa = PBXFileReference; fileEncoding = 4; lastKnownFileType = sourcecode.c.c; name = dynamic_mod.c; path = ../dynamic_mod.c; sourceTree = SOURCE_ROOT; };
		00938E4C108A397A0009CF19 /* dynamic_mp3.h */ = {isa = PBXFileReference; fileEncoding = 4; lastKnownFileType = sourcecode.c.h; name = dynamic_mp3.h; path = ../dynamic_mp3.h; sourceTree = SOURCE_ROOT; };
		00938E4D108A397A0009CF19 /* dynamic_ogg.h */ = {isa = PBXFileReference; fileEncoding = 4; lastKnownFileType = sourcecode.c.h; name = dynamic_ogg.h; path = ../dynamic_ogg.h; sourceTree = SOURCE_ROOT; };
		04939B4817E607250015E4E3 /* load_mp3.c */ = {isa = PBXFileReference; fileEncoding = 4; lastKnownFileType = sourcecode.c.c; name = load_mp3.c; path = ../load_mp3.c; sourceTree = "<group>"; };
		04939B4917E607250015E4E3 /* load_mp3.h */ = {isa = PBXFileReference; fileEncoding = 4; lastKnownFileType = sourcecode.c.h; name = load_mp3.h; path = ../load_mp3.h; sourceTree = "<group>"; };
		04A8FCA40A19CAEC0046373F /* dynamic_mp3.c */ = {isa = PBXFileReference; fileEncoding = 30; lastKnownFileType = sourcecode.c.c; name = dynamic_mp3.c; path = ../dynamic_mp3.c; sourceTree = SOURCE_ROOT; };
		04A8FCA90A19CB070046373F /* dynamic_ogg.c */ = {isa = PBXFileReference; fileEncoding = 30; lastKnownFileType = sourcecode.c.c; name = dynamic_ogg.c; path = ../dynamic_ogg.c; sourceTree = SOURCE_ROOT; };
		1014BAEA010A4B677F000001 /* SDL_mixer.h */ = {isa = PBXFileReference; fileEncoding = 30; lastKnownFileType = sourcecode.c.h; name = SDL_mixer.h; path = ../SDL_mixer.h; sourceTree = SOURCE_ROOT; };
		5CC1B879012FB8CD7F000001 /* mixer.c */ = {isa = PBXFileReference; fileEncoding = 30; lastKnownFileType = sourcecode.c.c; name = mixer.c; path = ../mixer.c; sourceTree = "<group>"; };
		5CC1B87A012FB8CD7F000001 /* music_cmd.c */ = {isa = PBXFileReference; fileEncoding = 30; lastKnownFileType = sourcecode.c.c; name = music_cmd.c; path = ../music_cmd.c; sourceTree = "<group>"; };
		5CC1B87B012FB8CD7F000001 /* music_cmd.h */ = {isa = PBXFileReference; fileEncoding = 30; lastKnownFileType = sourcecode.c.h; name = music_cmd.h; path = ../music_cmd.h; sourceTree = "<group>"; };
		5CC1B87C012FB8CD7F000001 /* music_ogg.c */ = {isa = PBXFileReference; fileEncoding = 30; lastKnownFileType = sourcecode.c.c; name = music_ogg.c; path = ../music_ogg.c; sourceTree = "<group>"; };
		5CC1B87D012FB8CD7F000001 /* music_ogg.h */ = {isa = PBXFileReference; fileEncoding = 30; lastKnownFileType = sourcecode.c.h; name = music_ogg.h; path = ../music_ogg.h; sourceTree = "<group>"; };
		5CC1B87E012FB8CD7F000001 /* music.c */ = {isa = PBXFileReference; fileEncoding = 30; lastKnownFileType = sourcecode.c.c; name = music.c; path = ../music.c; sourceTree = "<group>"; };
		5CC1B880012FB8CD7F000001 /* common.c */ = {isa = PBXFileReference; fileEncoding = 30; lastKnownFileType = sourcecode.c.c; path = common.c; sourceTree = "<group>"; };
		5CC1B881012FB8CD7F000001 /* common.h */ = {isa = PBXFileReference; fileEncoding = 30; lastKnownFileType = sourcecode.c.h; path = common.h; sourceTree = "<group>"; };
		5CC1B882012FB8CD7F000001 /* config.h */ = {isa = PBXFileReference; fileEncoding = 30; lastKnownFileType = sourcecode.c.h; path = config.h; sourceTree = "<group>"; };
		5CC1B883012FB8CD7F000001 /* ctrlmode.c */ = {isa = PBXFileReference; fileEncoding = 30; lastKnownFileType = sourcecode.c.c; path = ctrlmode.c; sourceTree = "<group>"; };
		5CC1B884012FB8CD7F000001 /* ctrlmode.h */ = {isa = PBXFileReference; fileEncoding = 30; lastKnownFileType = sourcecode.c.h; path = ctrlmode.h; sourceTree = "<group>"; };
		5CC1B885012FB8CD7F000001 /* filter.c */ = {isa = PBXFileReference; fileEncoding = 30; lastKnownFileType = sourcecode.c.c; path = filter.c; sourceTree = "<group>"; };
		5CC1B886012FB8CD7F000001 /* filter.h */ = {isa = PBXFileReference; fileEncoding = 30; lastKnownFileType = sourcecode.c.h; path = filter.h; sourceTree = "<group>"; };
		5CC1B887012FB8CD7F000001 /* instrum.c */ = {isa = PBXFileReference; fileEncoding = 30; lastKnownFileType = sourcecode.c.c; path = instrum.c; sourceTree = "<group>"; };
		5CC1B888012FB8CD7F000001 /* instrum.h */ = {isa = PBXFileReference; fileEncoding = 30; lastKnownFileType = sourcecode.c.h; path = instrum.h; sourceTree = "<group>"; };
		5CC1B889012FB8CD7F000001 /* mix.c */ = {isa = PBXFileReference; fileEncoding = 30; lastKnownFileType = sourcecode.c.c; path = mix.c; sourceTree = "<group>"; };
		5CC1B88A012FB8CD7F000001 /* mix.h */ = {isa = PBXFileReference; fileEncoding = 30; lastKnownFileType = sourcecode.c.h; path = mix.h; sourceTree = "<group>"; };
		5CC1B88B012FB8CD7F000001 /* output.c */ = {isa = PBXFileReference; fileEncoding = 30; lastKnownFileType = sourcecode.c.c; path = output.c; sourceTree = "<group>"; };
		5CC1B88C012FB8CD7F000001 /* output.h */ = {isa = PBXFileReference; fileEncoding = 30; lastKnownFileType = sourcecode.c.h; path = output.h; sourceTree = "<group>"; };
		5CC1B88D012FB8CD7F000001 /* playmidi.c */ = {isa = PBXFileReference; fileEncoding = 30; lastKnownFileType = sourcecode.c.c; path = playmidi.c; sourceTree = "<group>"; };
		5CC1B88E012FB8CD7F000001 /* playmidi.h */ = {isa = PBXFileReference; fileEncoding = 30; lastKnownFileType = sourcecode.c.h; path = playmidi.h; sourceTree = "<group>"; };
		5CC1B88F012FB8CD7F000001 /* readmidi.c */ = {isa = PBXFileReference; fileEncoding = 30; lastKnownFileType = sourcecode.c.c; path = readmidi.c; sourceTree = "<group>"; };
		5CC1B890012FB8CD7F000001 /* readmidi.h */ = {isa = PBXFileReference; fileEncoding = 30; lastKnownFileType = sourcecode.c.h; path = readmidi.h; sourceTree = "<group>"; };
		5CC1B891012FB8CD7F000001 /* resample.c */ = {isa = PBXFileReference; fileEncoding = 30; lastKnownFileType = sourcecode.c.c; path = resample.c; sourceTree = "<group>"; };
		5CC1B892012FB8CD7F000001 /* resample.h */ = {isa = PBXFileReference; fileEncoding = 30; lastKnownFileType = sourcecode.c.h; path = resample.h; sourceTree = "<group>"; };
		5CC1B893012FB8CD7F000001 /* sdl_a.c */ = {isa = PBXFileReference; fileEncoding = 30; lastKnownFileType = sourcecode.c.c; path = sdl_a.c; sourceTree = "<group>"; };
		5CC1B894012FB8CD7F000001 /* sdl_c.c */ = {isa = PBXFileReference; fileEncoding = 30; lastKnownFileType = sourcecode.c.c; path = sdl_c.c; sourceTree = "<group>"; };
		5CC1B895012FB8CD7F000001 /* tables.c */ = {isa = PBXFileReference; fileEncoding = 30; lastKnownFileType = sourcecode.c.c; path = tables.c; sourceTree = "<group>"; };
		5CC1B896012FB8CD7F000001 /* tables.h */ = {isa = PBXFileReference; fileEncoding = 30; lastKnownFileType = sourcecode.c.h; path = tables.h; sourceTree = "<group>"; };
		5CC1B897012FB8CD7F000001 /* timidity.c */ = {isa = PBXFileReference; fileEncoding = 30; lastKnownFileType = sourcecode.c.c; path = timidity.c; sourceTree = "<group>"; };
		5CC1B898012FB8CD7F000001 /* timidity.h */ = {isa = PBXFileReference; fileEncoding = 30; lastKnownFileType = sourcecode.c.h; path = timidity.h; sourceTree = "<group>"; };
		5CC1B89B012FB8CD7F000001 /* wavestream.c */ = {isa = PBXFileReference; fileEncoding = 30; lastKnownFileType = sourcecode.c.c; name = wavestream.c; path = ../wavestream.c; sourceTree = "<group>"; };
		5CC1B89C012FB8CD7F000001 /* wavestream.h */ = {isa = PBXFileReference; fileEncoding = 30; lastKnownFileType = sourcecode.c.h; name = wavestream.h; path = ../wavestream.h; sourceTree = "<group>"; };
		AA5F0F0214B6A6490036992F /* dynamic_fluidsynth.c */ = {isa = PBXFileReference; fileEncoding = 4; lastKnownFileType = sourcecode.c.c; name = dynamic_fluidsynth.c; path = ../dynamic_fluidsynth.c; sourceTree = "<group>"; };
		AA5F0F0314B6A6490036992F /* dynamic_fluidsynth.h */ = {isa = PBXFileReference; fileEncoding = 4; lastKnownFileType = sourcecode.c.h; name = dynamic_fluidsynth.h; path = ../dynamic_fluidsynth.h; sourceTree = "<group>"; };
		AA5F0F0414B6A6490036992F /* dynamic_mod.h */ = {isa = PBXFileReference; fileEncoding = 4; lastKnownFileType = sourcecode.c.h; name = dynamic_mod.h; path = ../dynamic_mod.h; sourceTree = "<group>"; };
		AA5F0F0514B6A6490036992F /* fluidsynth.c */ = {isa = PBXFileReference; fileEncoding = 4; lastKnownFileType = sourcecode.c.c; name = fluidsynth.c; path = ../fluidsynth.c; sourceTree = "<group>"; };
		AA5F0F0614B6A6490036992F /* fluidsynth.h */ = {isa = PBXFileReference; fileEncoding = 4; lastKnownFileType = sourcecode.c.h; name = fluidsynth.h; path = ../fluidsynth.h; sourceTree = "<group>"; };
		AA5F0F0714B6A6490036992F /* music_modplug.c */ = {isa = PBXFileReference; fileEncoding = 4; lastKnownFileType = sourcecode.c.c; name = music_modplug.c; path = ../music_modplug.c; sourceTree = "<group>"; };
		AA5F0F0814B6A6490036992F /* music_modplug.h */ = {isa = PBXFileReference; fileEncoding = 4; lastKnownFileType = sourcecode.c.h; name = music_modplug.h; path = ../music_modplug.h; sourceTree = "<group>"; };
		AA60214D17653A9800662B9C /* fastmix.cpp */ = {isa = PBXFileReference; fileEncoding = 4; lastKnownFileType = sourcecode.cpp.cpp; name = fastmix.cpp; path = src/fastmix.cpp; sourceTree = "<group>"; };
		AA60214E17653A9800662B9C /* load_669.cpp */ = {isa = PBXFileReference; fileEncoding = 4; lastKnownFileType = sourcecode.cpp.cpp; name = load_669.cpp; path = src/load_669.cpp; sourceTree = "<group>"; };
		AA60214F17653A9800662B9C /* load_abc.cpp */ = {isa = PBXFileReference; fileEncoding = 4; lastKnownFileType = sourcecode.cpp.cpp; name = load_abc.cpp; path = src/load_abc.cpp; sourceTree = "<group>"; };
		AA60215017653A9800662B9C /* load_amf.cpp */ = {isa = PBXFileReference; fileEncoding = 4; lastKnownFileType = sourcecode.cpp.cpp; name = load_amf.cpp; path = src/load_amf.cpp; sourceTree = "<group>"; };
		AA60215117653A9800662B9C /* load_ams.cpp */ = {isa = PBXFileReference; fileEncoding = 4; lastKnownFileType = sourcecode.cpp.cpp; name = load_ams.cpp; path = src/load_ams.cpp; sourceTree = "<group>"; };
		AA60215217653A9800662B9C /* load_dbm.cpp */ = {isa = PBXFileReference; fileEncoding = 4; lastKnownFileType = sourcecode.cpp.cpp; name = load_dbm.cpp; path = src/load_dbm.cpp; sourceTree = "<group>"; };
		AA60215317653A9800662B9C /* load_dmf.cpp */ = {isa = PBXFileReference; fileEncoding = 4; lastKnownFileType = sourcecode.cpp.cpp; name = load_dmf.cpp; path = src/load_dmf.cpp; sourceTree = "<group>"; };
		AA60215417653A9800662B9C /* load_dsm.cpp */ = {isa = PBXFileReference; fileEncoding = 4; lastKnownFileType = sourcecode.cpp.cpp; name = load_dsm.cpp; path = src/load_dsm.cpp; sourceTree = "<group>"; };
		AA60215517653A9800662B9C /* load_far.cpp */ = {isa = PBXFileReference; fileEncoding = 4; lastKnownFileType = sourcecode.cpp.cpp; name = load_far.cpp; path = src/load_far.cpp; sourceTree = "<group>"; };
		AA60215617653A9800662B9C /* load_it.cpp */ = {isa = PBXFileReference; fileEncoding = 4; lastKnownFileType = sourcecode.cpp.cpp; name = load_it.cpp; path = src/load_it.cpp; sourceTree = "<group>"; };
		AA60215717653A9800662B9C /* load_j2b.cpp */ = {isa = PBXFileReference; fileEncoding = 4; lastKnownFileType = sourcecode.cpp.cpp; name = load_j2b.cpp; path = src/load_j2b.cpp; sourceTree = "<group>"; };
		AA60215817653A9800662B9C /* load_mdl.cpp */ = {isa = PBXFileReference; fileEncoding = 4; lastKnownFileType = sourcecode.cpp.cpp; name = load_mdl.cpp; path = src/load_mdl.cpp; sourceTree = "<group>"; };
		AA60215917653A9800662B9C /* load_med.cpp */ = {isa = PBXFileReference; fileEncoding = 4; lastKnownFileType = sourcecode.cpp.cpp; name = load_med.cpp; path = src/load_med.cpp; sourceTree = "<group>"; };
		AA60215A17653A9800662B9C /* load_mid.cpp */ = {isa = PBXFileReference; fileEncoding = 4; lastKnownFileType = sourcecode.cpp.cpp; name = load_mid.cpp; path = src/load_mid.cpp; sourceTree = "<group>"; };
		AA60215B17653A9800662B9C /* load_mod.cpp */ = {isa = PBXFileReference; fileEncoding = 4; lastKnownFileType = sourcecode.cpp.cpp; name = load_mod.cpp; path = src/load_mod.cpp; sourceTree = "<group>"; };
		AA60215C17653A9800662B9C /* load_mt2.cpp */ = {isa = PBXFileReference; fileEncoding = 4; lastKnownFileType = sourcecode.cpp.cpp; name = load_mt2.cpp; path = src/load_mt2.cpp; sourceTree = "<group>"; };
		AA60215D17653A9800662B9C /* load_mtm.cpp */ = {isa = PBXFileReference; fileEncoding = 4; lastKnownFileType = sourcecode.cpp.cpp; name = load_mtm.cpp; path = src/load_mtm.cpp; sourceTree = "<group>"; };
		AA60215E17653A9800662B9C /* load_okt.cpp */ = {isa = PBXFileReference; fileEncoding = 4; lastKnownFileType = sourcecode.cpp.cpp; name = load_okt.cpp; path = src/load_okt.cpp; sourceTree = "<group>"; };
		AA60215F17653A9800662B9C /* load_pat.cpp */ = {isa = PBXFileReference; fileEncoding = 4; lastKnownFileType = sourcecode.cpp.cpp; name = load_pat.cpp; path = src/load_pat.cpp; sourceTree = "<group>"; };
		AA60216017653A9800662B9C /* load_pat.h */ = {isa = PBXFileReference; fileEncoding = 4; lastKnownFileType = sourcecode.c.h; name = load_pat.h; path = src/load_pat.h; sourceTree = "<group>"; };
		AA60216117653A9800662B9C /* load_psm.cpp */ = {isa = PBXFileReference; fileEncoding = 4; lastKnownFileType = sourcecode.cpp.cpp; name = load_psm.cpp; path = src/load_psm.cpp; sourceTree = "<group>"; };
		AA60216217653A9800662B9C /* load_ptm.cpp */ = {isa = PBXFileReference; fileEncoding = 4; lastKnownFileType = sourcecode.cpp.cpp; name = load_ptm.cpp; path = src/load_ptm.cpp; sourceTree = "<group>"; };
		AA60216317653A9800662B9C /* load_s3m.cpp */ = {isa = PBXFileReference; fileEncoding = 4; lastKnownFileType = sourcecode.cpp.cpp; name = load_s3m.cpp; path = src/load_s3m.cpp; sourceTree = "<group>"; };
		AA60216417653A9800662B9C /* load_stm.cpp */ = {isa = PBXFileReference; fileEncoding = 4; lastKnownFileType = sourcecode.cpp.cpp; name = load_stm.cpp; path = src/load_stm.cpp; sourceTree = "<group>"; };
		AA60216517653A9800662B9C /* load_ult.cpp */ = {isa = PBXFileReference; fileEncoding = 4; lastKnownFileType = sourcecode.cpp.cpp; name = load_ult.cpp; path = src/load_ult.cpp; sourceTree = "<group>"; };
		AA60216617653A9800662B9C /* load_umx.cpp */ = {isa = PBXFileReference; fileEncoding = 4; lastKnownFileType = sourcecode.cpp.cpp; name = load_umx.cpp; path = src/load_umx.cpp; sourceTree = "<group>"; };
		AA60216717653A9800662B9C /* load_wav.cpp */ = {isa = PBXFileReference; fileEncoding = 4; lastKnownFileType = sourcecode.cpp.cpp; name = load_wav.cpp; path = src/load_wav.cpp; sourceTree = "<group>"; };
		AA60216817653A9800662B9C /* load_xm.cpp */ = {isa = PBXFileReference; fileEncoding = 4; lastKnownFileType = sourcecode.cpp.cpp; name = load_xm.cpp; path = src/load_xm.cpp; sourceTree = "<group>"; };
		AA60216917653A9800662B9C /* mmcmp.cpp */ = {isa = PBXFileReference; fileEncoding = 4; lastKnownFileType = sourcecode.cpp.cpp; name = mmcmp.cpp; path = src/mmcmp.cpp; sourceTree = "<group>"; };
		AA60216A17653A9800662B9C /* modplug.cpp */ = {isa = PBXFileReference; fileEncoding = 4; lastKnownFileType = sourcecode.cpp.cpp; name = modplug.cpp; path = src/modplug.cpp; sourceTree = "<group>"; };
		AA60216B17653A9800662B9C /* modplug.h */ = {isa = PBXFileReference; fileEncoding = 4; lastKnownFileType = sourcecode.c.h; name = modplug.h; path = src/modplug.h; sourceTree = "<group>"; };
		AA60216C17653A9800662B9C /* snd_dsp.cpp */ = {isa = PBXFileReference; fileEncoding = 4; lastKnownFileType = sourcecode.cpp.cpp; name = snd_dsp.cpp; path = src/snd_dsp.cpp; sourceTree = "<group>"; };
		AA60216D17653A9800662B9C /* snd_flt.cpp */ = {isa = PBXFileReference; fileEncoding = 4; lastKnownFileType = sourcecode.cpp.cpp; name = snd_flt.cpp; path = src/snd_flt.cpp; sourceTree = "<group>"; };
		AA60216E17653A9800662B9C /* snd_fx.cpp */ = {isa = PBXFileReference; fileEncoding = 4; lastKnownFileType = sourcecode.cpp.cpp; name = snd_fx.cpp; path = src/snd_fx.cpp; sourceTree = "<group>"; };
		AA60216F17653A9800662B9C /* sndfile.cpp */ = {isa = PBXFileReference; fileEncoding = 4; lastKnownFileType = sourcecode.cpp.cpp; name = sndfile.cpp; path = src/sndfile.cpp; sourceTree = "<group>"; };
		AA60217017653A9800662B9C /* sndmix.cpp */ = {isa = PBXFileReference; fileEncoding = 4; lastKnownFileType = sourcecode.cpp.cpp; name = sndmix.cpp; path = src/sndmix.cpp; sourceTree = "<group>"; };
		AA60217117653A9800662B9C /* tables.h */ = {isa = PBXFileReference; fileEncoding = 4; lastKnownFileType = sourcecode.c.h; name = tables.h; path = src/tables.h; sourceTree = "<group>"; };
		AA60219717653B8700662B9C /* dynamic_modplug.c */ = {isa = PBXFileReference; fileEncoding = 4; lastKnownFileType = sourcecode.c.c; name = dynamic_modplug.c; path = ../dynamic_modplug.c; sourceTree = "<group>"; };
		AA60219817653B8700662B9C /* dynamic_modplug.h */ = {isa = PBXFileReference; fileEncoding = 4; lastKnownFileType = sourcecode.c.h; name = dynamic_modplug.h; path = ../dynamic_modplug.h; sourceTree = "<group>"; };
		AA644292175B0E0600A2125A /* bitwise.c */ = {isa = PBXFileReference; fileEncoding = 4; lastKnownFileType = sourcecode.c.c; name = bitwise.c; path = "libogg-1.3.1/src/bitwise.c"; sourceTree = "<group>"; };
		AA644293175B0E0600A2125A /* framing.c */ = {isa = PBXFileReference; fileEncoding = 4; lastKnownFileType = sourcecode.c.c; name = framing.c; path = "libogg-1.3.1/src/framing.c"; sourceTree = "<group>"; };
		AA644296175B0E2500A2125A /* asm_arm.h */ = {isa = PBXFileReference; fileEncoding = 4; lastKnownFileType = sourcecode.c.h; name = asm_arm.h; path = "libvorbisidec-1.2.1/asm_arm.h"; sourceTree = "<group>"; };
		AA644297175B0E2500A2125A /* backends.h */ = {isa = PBXFileReference; fileEncoding = 4; lastKnownFileType = sourcecode.c.h; name = backends.h; path = "libvorbisidec-1.2.1/backends.h"; sourceTree = "<group>"; };
		AA644298175B0E2500A2125A /* block.c */ = {isa = PBXFileReference; fileEncoding = 4; lastKnownFileType = sourcecode.c.c; name = block.c; path = "libvorbisidec-1.2.1/block.c"; sourceTree = "<group>"; };
		AA644299175B0E2500A2125A /* block.h */ = {isa = PBXFileReference; fileEncoding = 4; lastKnownFileType = sourcecode.c.h; name = block.h; path = "libvorbisidec-1.2.1/block.h"; sourceTree = "<group>"; };
		AA64429A175B0E2500A2125A /* codebook.c */ = {isa = PBXFileReference; fileEncoding = 4; lastKnownFileType = sourcecode.c.c; name = codebook.c; path = "libvorbisidec-1.2.1/codebook.c"; sourceTree = "<group>"; };
		AA64429B175B0E2500A2125A /* codebook.h */ = {isa = PBXFileReference; fileEncoding = 4; lastKnownFileType = sourcecode.c.h; name = codebook.h; path = "libvorbisidec-1.2.1/codebook.h"; sourceTree = "<group>"; };
		AA64429C175B0E2500A2125A /* codec_internal.h */ = {isa = PBXFileReference; fileEncoding = 4; lastKnownFileType = sourcecode.c.h; name = codec_internal.h; path = "libvorbisidec-1.2.1/codec_internal.h"; sourceTree = "<group>"; };
		AA64429D175B0E2500A2125A /* config_types.h */ = {isa = PBXFileReference; fileEncoding = 4; lastKnownFileType = sourcecode.c.h; name = config_types.h; path = "libvorbisidec-1.2.1/config_types.h"; sourceTree = "<group>"; };
		AA6442A6175B0E5000A2125A /* floor0.c */ = {isa = PBXFileReference; fileEncoding = 4; lastKnownFileType = sourcecode.c.c; name = floor0.c; path = "libvorbisidec-1.2.1/floor0.c"; sourceTree = "<group>"; };
		AA6442A7175B0E5000A2125A /* floor1.c */ = {isa = PBXFileReference; fileEncoding = 4; lastKnownFileType = sourcecode.c.c; name = floor1.c; path = "libvorbisidec-1.2.1/floor1.c"; sourceTree = "<group>"; };
		AA6442A8175B0E5000A2125A /* info.c */ = {isa = PBXFileReference; fileEncoding = 4; lastKnownFileType = sourcecode.c.c; name = info.c; path = "libvorbisidec-1.2.1/info.c"; sourceTree = "<group>"; };
		AA6442A9175B0E5000A2125A /* ivorbiscodec.h */ = {isa = PBXFileReference; fileEncoding = 4; lastKnownFileType = sourcecode.c.h; name = ivorbiscodec.h; path = "libvorbisidec-1.2.1/ivorbiscodec.h"; sourceTree = "<group>"; };
		AA6442AA175B0E5000A2125A /* ivorbisfile.h */ = {isa = PBXFileReference; fileEncoding = 4; lastKnownFileType = sourcecode.c.h; name = ivorbisfile.h; path = "libvorbisidec-1.2.1/ivorbisfile.h"; sourceTree = "<group>"; };
		AA6442AB175B0E5000A2125A /* lsp_lookup.h */ = {isa = PBXFileReference; fileEncoding = 4; lastKnownFileType = sourcecode.c.h; name = lsp_lookup.h; path = "libvorbisidec-1.2.1/lsp_lookup.h"; sourceTree = "<group>"; };
		AA6442AC175B0E5000A2125A /* mapping0.c */ = {isa = PBXFileReference; fileEncoding = 4; lastKnownFileType = sourcecode.c.c; name = mapping0.c; path = "libvorbisidec-1.2.1/mapping0.c"; sourceTree = "<group>"; };
		AA6442AD175B0E5000A2125A /* mdct_lookup.h */ = {isa = PBXFileReference; fileEncoding = 4; lastKnownFileType = sourcecode.c.h; name = mdct_lookup.h; path = "libvorbisidec-1.2.1/mdct_lookup.h"; sourceTree = "<group>"; };
		AA6442AE175B0E5000A2125A /* mdct.c */ = {isa = PBXFileReference; fileEncoding = 4; lastKnownFileType = sourcecode.c.c; name = mdct.c; path = "libvorbisidec-1.2.1/mdct.c"; sourceTree = "<group>"; };
		AA6442AF175B0E5000A2125A /* mdct.h */ = {isa = PBXFileReference; fileEncoding = 4; lastKnownFileType = sourcecode.c.h; name = mdct.h; path = "libvorbisidec-1.2.1/mdct.h"; sourceTree = "<group>"; };
		AA6442B0175B0E5000A2125A /* misc.h */ = {isa = PBXFileReference; fileEncoding = 4; lastKnownFileType = sourcecode.c.h; name = misc.h; path = "libvorbisidec-1.2.1/misc.h"; sourceTree = "<group>"; };
		AA6442B1175B0E5000A2125A /* os.h */ = {isa = PBXFileReference; fileEncoding = 4; lastKnownFileType = sourcecode.c.h; name = os.h; path = "libvorbisidec-1.2.1/os.h"; sourceTree = "<group>"; };
		AA6442B2175B0E5000A2125A /* registry.c */ = {isa = PBXFileReference; fileEncoding = 4; lastKnownFileType = sourcecode.c.c; name = registry.c; path = "libvorbisidec-1.2.1/registry.c"; sourceTree = "<group>"; };
		AA6442B3175B0E5000A2125A /* registry.h */ = {isa = PBXFileReference; fileEncoding = 4; lastKnownFileType = sourcecode.c.h; name = registry.h; path = "libvorbisidec-1.2.1/registry.h"; sourceTree = "<group>"; };
		AA6442B4175B0E5000A2125A /* res012.c */ = {isa = PBXFileReference; fileEncoding = 4; lastKnownFileType = sourcecode.c.c; name = res012.c; path = "libvorbisidec-1.2.1/res012.c"; sourceTree = "<group>"; };
		AA6442B5175B0E5000A2125A /* sharedbook.c */ = {isa = PBXFileReference; fileEncoding = 4; lastKnownFileType = sourcecode.c.c; name = sharedbook.c; path = "libvorbisidec-1.2.1/sharedbook.c"; sourceTree = "<group>"; };
		AA6442B6175B0E5000A2125A /* synthesis.c */ = {isa = PBXFileReference; fileEncoding = 4; lastKnownFileType = sourcecode.c.c; name = synthesis.c; path = "libvorbisidec-1.2.1/synthesis.c"; sourceTree = "<group>"; };
		AA6442B7175B0E5000A2125A /* vorbisfile.c */ = {isa = PBXFileReference; fileEncoding = 4; lastKnownFileType = sourcecode.c.c; name = vorbisfile.c; path = "libvorbisidec-1.2.1/vorbisfile.c"; sourceTree = "<group>"; };
		AA6442B8175B0E5000A2125A /* window_lookup.h */ = {isa = PBXFileReference; fileEncoding = 4; lastKnownFileType = sourcecode.c.h; name = window_lookup.h; path = "libvorbisidec-1.2.1/window_lookup.h"; sourceTree = "<group>"; };
		AA6442B9175B0E5000A2125A /* window.c */ = {isa = PBXFileReference; fileEncoding = 4; lastKnownFileType = sourcecode.c.c; name = window.c; path = "libvorbisidec-1.2.1/window.c"; sourceTree = "<group>"; };
		AA6442BA175B0E5000A2125A /* window.h */ = {isa = PBXFileReference; fileEncoding = 4; lastKnownFileType = sourcecode.c.h; name = window.h; path = "libvorbisidec-1.2.1/window.h"; sourceTree = "<group>"; };
		B2A42D0E03FAC6A400A8000A /* load_ogg.c */ = {isa = PBXFileReference; fileEncoding = 30; lastKnownFileType = sourcecode.c.c; name = load_ogg.c; path = ../load_ogg.c; sourceTree = SOURCE_ROOT; };
		B2A42D0F03FAC6A400A8000A /* load_ogg.h */ = {isa = PBXFileReference; fileEncoding = 30; lastKnownFileType = sourcecode.c.h; name = load_ogg.h; path = ../load_ogg.h; sourceTree = SOURCE_ROOT; };
		BE1FA95407AF96B2004B6283 /* libSDL2_mixer.a */ = {isa = PBXFileReference; explicitFileType = archive.ar; includeInIndex = 0; path = libSDL2_mixer.a; sourceTree = BUILT_PRODUCTS_DIR; };
		F567D63B01CD881401F3E8B9 /* effect_position.c */ = {isa = PBXFileReference; fileEncoding = 30; lastKnownFileType = sourcecode.c.c; name = effect_position.c; path = ../effect_position.c; sourceTree = SOURCE_ROOT; };
		F567D63C01CD881401F3E8B9 /* effect_stereoreverse.c */ = {isa = PBXFileReference; fileEncoding = 30; lastKnownFileType = sourcecode.c.c; name = effect_stereoreverse.c; path = ../effect_stereoreverse.c; sourceTree = SOURCE_ROOT; };
		F567D63D01CD881401F3E8B9 /* effects_internal.c */ = {isa = PBXFileReference; fileEncoding = 30; lastKnownFileType = sourcecode.c.c; name = effects_internal.c; path = ../effects_internal.c; sourceTree = SOURCE_ROOT; };
		F567D63E01CD881401F3E8B9 /* effects_internal.h */ = {isa = PBXFileReference; fileEncoding = 30; lastKnownFileType = sourcecode.c.h; name = effects_internal.h; path = ../effects_internal.h; sourceTree = SOURCE_ROOT; };
		F567D64701CD88A701F3E8B9 /* load_aiff.c */ = {isa = PBXFileReference; fileEncoding = 30; lastKnownFileType = sourcecode.c.c; name = load_aiff.c; path = ../load_aiff.c; sourceTree = SOURCE_ROOT; };
		F567D64801CD88A701F3E8B9 /* load_aiff.h */ = {isa = PBXFileReference; fileEncoding = 30; lastKnownFileType = sourcecode.c.h; name = load_aiff.h; path = ../load_aiff.h; sourceTree = SOURCE_ROOT; };
		F567D64901CD88A701F3E8B9 /* load_voc.c */ = {isa = PBXFileReference; fileEncoding = 30; lastKnownFileType = sourcecode.c.c; name = load_voc.c; path = ../load_voc.c; sourceTree = SOURCE_ROOT; };
		F567D64A01CD88A701F3E8B9 /* load_voc.h */ = {isa = PBXFileReference; fileEncoding = 30; lastKnownFileType = sourcecode.c.h; name = load_voc.h; path = ../load_voc.h; sourceTree = SOURCE_ROOT; };
/* End PBXFileReference section */

/* Begin PBXFrameworksBuildPhase section */
		BE1FA95207AF96B2004B6283 /* Frameworks */ = {
			isa = PBXFrameworksBuildPhase;
			buildActionMask = 2147483647;
			files = (
			);
			runOnlyForDeploymentPostprocessing = 0;
		};
/* End PBXFrameworksBuildPhase section */

/* Begin PBXGroup section */
		0153844A006D81B07F000001 /* Public Headers */ = {
			isa = PBXGroup;
			children = (
				1014BAEA010A4B677F000001 /* SDL_mixer.h */,
			);
			name = "Public Headers";
			sourceTree = "<group>";
		};
		034768DDFF38A45A11DB9C8B /* Products */ = {
			isa = PBXGroup;
			children = (
				089C1665FE841158C02AAC07 /* Resources */,
				BE1FA95407AF96B2004B6283 /* libSDL2_mixer.a */,
			);
			name = Products;
			sourceTree = "<group>";
		};
		0867D691FE84028FC02AAC07 /* SDL_mixerFramework */ = {
			isa = PBXGroup;
			children = (
				0153844A006D81B07F000001 /* Public Headers */,
				08FB77ACFE841707C02AAC07 /* Library Source */,
				034768DDFF38A45A11DB9C8B /* Products */,
			);
			name = SDL_mixerFramework;
			sourceTree = "<group>";
		};
		089C1665FE841158C02AAC07 /* Resources */ = {
			isa = PBXGroup;
			children = (
			);
			name = Resources;
			sourceTree = "<group>";
		};
		08FB77ACFE841707C02AAC07 /* Library Source */ = {
			isa = PBXGroup;
			children = (
				AA60214C17653A5900662B9C /* modplug */,
				5CC1B87F012FB8CD7F000001 /* timidity */,
				AA644291175B0D6E00A2125A /* tremor */,
				00938E49108A397A0009CF19 /* dynamic_flac.c */,
				00938E4A108A397A0009CF19 /* dynamic_flac.h */,
				AA5F0F0214B6A6490036992F /* dynamic_fluidsynth.c */,
				AA5F0F0314B6A6490036992F /* dynamic_fluidsynth.h */,
				00938E4B108A397A0009CF19 /* dynamic_mod.c */,
				AA5F0F0414B6A6490036992F /* dynamic_mod.h */,
				AA60219717653B8700662B9C /* dynamic_modplug.c */,
				AA60219817653B8700662B9C /* dynamic_modplug.h */,
				04A8FCA40A19CAEC0046373F /* dynamic_mp3.c */,
				00938E4C108A397A0009CF19 /* dynamic_mp3.h */,
				04A8FCA90A19CB070046373F /* dynamic_ogg.c */,
				00938E4D108A397A0009CF19 /* dynamic_ogg.h */,
				F567D63B01CD881401F3E8B9 /* effect_position.c */,
				F567D63C01CD881401F3E8B9 /* effect_stereoreverse.c */,
				F567D63D01CD881401F3E8B9 /* effects_internal.c */,
				F567D63E01CD881401F3E8B9 /* effects_internal.h */,
				AA5F0F0514B6A6490036992F /* fluidsynth.c */,
				AA5F0F0614B6A6490036992F /* fluidsynth.h */,
				F567D64701CD88A701F3E8B9 /* load_aiff.c */,
				F567D64801CD88A701F3E8B9 /* load_aiff.h */,
				00938E2B108A37800009CF19 /* load_flac.c */,
				00938E2C108A37800009CF19 /* load_flac.h */,
				04939B4817E607250015E4E3 /* load_mp3.c */,
				04939B4917E607250015E4E3 /* load_mp3.h */,
				B2A42D0E03FAC6A400A8000A /* load_ogg.c */,
				B2A42D0F03FAC6A400A8000A /* load_ogg.h */,
				F567D64901CD88A701F3E8B9 /* load_voc.c */,
				F567D64A01CD88A701F3E8B9 /* load_voc.h */,
				5CC1B879012FB8CD7F000001 /* mixer.c */,
				5CC1B87E012FB8CD7F000001 /* music.c */,
				5CC1B87A012FB8CD7F000001 /* music_cmd.c */,
				5CC1B87B012FB8CD7F000001 /* music_cmd.h */,
				00938E2D108A37800009CF19 /* music_flac.c */,
				00938E2E108A37800009CF19 /* music_flac.h */,
				00938E2F108A37800009CF19 /* music_mad.c */,
				00938E30108A37800009CF19 /* music_mad.h */,
				00938E31108A37800009CF19 /* music_mod.c */,
				00938E32108A37800009CF19 /* music_mod.h */,
				AA5F0F0714B6A6490036992F /* music_modplug.c */,
				AA5F0F0814B6A6490036992F /* music_modplug.h */,
				5CC1B87C012FB8CD7F000001 /* music_ogg.c */,
				5CC1B87D012FB8CD7F000001 /* music_ogg.h */,
				5CC1B89B012FB8CD7F000001 /* wavestream.c */,
				5CC1B89C012FB8CD7F000001 /* wavestream.h */,
			);
			name = "Library Source";
			sourceTree = "<group>";
		};
		5CC1B87F012FB8CD7F000001 /* timidity */ = {
			isa = PBXGroup;
			children = (
				5CC1B880012FB8CD7F000001 /* common.c */,
				5CC1B881012FB8CD7F000001 /* common.h */,
				5CC1B882012FB8CD7F000001 /* config.h */,
				5CC1B883012FB8CD7F000001 /* ctrlmode.c */,
				5CC1B884012FB8CD7F000001 /* ctrlmode.h */,
				5CC1B885012FB8CD7F000001 /* filter.c */,
				5CC1B886012FB8CD7F000001 /* filter.h */,
				5CC1B887012FB8CD7F000001 /* instrum.c */,
				5CC1B888012FB8CD7F000001 /* instrum.h */,
				5CC1B889012FB8CD7F000001 /* mix.c */,
				5CC1B88A012FB8CD7F000001 /* mix.h */,
				5CC1B88B012FB8CD7F000001 /* output.c */,
				5CC1B88C012FB8CD7F000001 /* output.h */,
				5CC1B88D012FB8CD7F000001 /* playmidi.c */,
				5CC1B88E012FB8CD7F000001 /* playmidi.h */,
				5CC1B88F012FB8CD7F000001 /* readmidi.c */,
				5CC1B890012FB8CD7F000001 /* readmidi.h */,
				5CC1B891012FB8CD7F000001 /* resample.c */,
				5CC1B892012FB8CD7F000001 /* resample.h */,
				5CC1B893012FB8CD7F000001 /* sdl_a.c */,
				5CC1B894012FB8CD7F000001 /* sdl_c.c */,
				5CC1B895012FB8CD7F000001 /* tables.c */,
				5CC1B896012FB8CD7F000001 /* tables.h */,
				5CC1B897012FB8CD7F000001 /* timidity.c */,
				5CC1B898012FB8CD7F000001 /* timidity.h */,
			);
			name = timidity;
			path = ../timidity;
			sourceTree = "<group>";
		};
		AA60214C17653A5900662B9C /* modplug */ = {
			isa = PBXGroup;
			children = (
				AA60214D17653A9800662B9C /* fastmix.cpp */,
				AA60214E17653A9800662B9C /* load_669.cpp */,
				AA60214F17653A9800662B9C /* load_abc.cpp */,
				AA60215017653A9800662B9C /* load_amf.cpp */,
				AA60215117653A9800662B9C /* load_ams.cpp */,
				AA60215217653A9800662B9C /* load_dbm.cpp */,
				AA60215317653A9800662B9C /* load_dmf.cpp */,
				AA60215417653A9800662B9C /* load_dsm.cpp */,
				AA60215517653A9800662B9C /* load_far.cpp */,
				AA60215617653A9800662B9C /* load_it.cpp */,
				AA60215717653A9800662B9C /* load_j2b.cpp */,
				AA60215817653A9800662B9C /* load_mdl.cpp */,
				AA60215917653A9800662B9C /* load_med.cpp */,
				AA60215A17653A9800662B9C /* load_mid.cpp */,
				AA60215B17653A9800662B9C /* load_mod.cpp */,
				AA60215C17653A9800662B9C /* load_mt2.cpp */,
				AA60215D17653A9800662B9C /* load_mtm.cpp */,
				AA60215E17653A9800662B9C /* load_okt.cpp */,
				AA60215F17653A9800662B9C /* load_pat.cpp */,
				AA60216017653A9800662B9C /* load_pat.h */,
				AA60216117653A9800662B9C /* load_psm.cpp */,
				AA60216217653A9800662B9C /* load_ptm.cpp */,
				AA60216317653A9800662B9C /* load_s3m.cpp */,
				AA60216417653A9800662B9C /* load_stm.cpp */,
				AA60216517653A9800662B9C /* load_ult.cpp */,
				AA60216617653A9800662B9C /* load_umx.cpp */,
				AA60216717653A9800662B9C /* load_wav.cpp */,
				AA60216817653A9800662B9C /* load_xm.cpp */,
				AA60216917653A9800662B9C /* mmcmp.cpp */,
				AA60216A17653A9800662B9C /* modplug.cpp */,
				AA60216B17653A9800662B9C /* modplug.h */,
				AA60216C17653A9800662B9C /* snd_dsp.cpp */,
				AA60216D17653A9800662B9C /* snd_flt.cpp */,
				AA60216E17653A9800662B9C /* snd_fx.cpp */,
				AA60216F17653A9800662B9C /* sndfile.cpp */,
				AA60217017653A9800662B9C /* sndmix.cpp */,
				AA60217117653A9800662B9C /* tables.h */,
			);
			name = modplug;
			path = "../external/libmodplug-0.8.8.4";
			sourceTree = "<group>";
		};
		AA644291175B0D6E00A2125A /* tremor */ = {
			isa = PBXGroup;
			children = (
				AA644296175B0E2500A2125A /* asm_arm.h */,
				AA644297175B0E2500A2125A /* backends.h */,
				AA644292175B0E0600A2125A /* bitwise.c */,
				AA644298175B0E2500A2125A /* block.c */,
				AA644299175B0E2500A2125A /* block.h */,
				AA64429A175B0E2500A2125A /* codebook.c */,
				AA64429B175B0E2500A2125A /* codebook.h */,
				AA64429C175B0E2500A2125A /* codec_internal.h */,
				AA64429D175B0E2500A2125A /* config_types.h */,
				AA6442A6175B0E5000A2125A /* floor0.c */,
				AA6442A7175B0E5000A2125A /* floor1.c */,
				AA644293175B0E0600A2125A /* framing.c */,
				AA6442A8175B0E5000A2125A /* info.c */,
				AA6442A9175B0E5000A2125A /* ivorbiscodec.h */,
				AA6442AA175B0E5000A2125A /* ivorbisfile.h */,
				AA6442AB175B0E5000A2125A /* lsp_lookup.h */,
				AA6442AC175B0E5000A2125A /* mapping0.c */,
				AA6442AE175B0E5000A2125A /* mdct.c */,
				AA6442AF175B0E5000A2125A /* mdct.h */,
				AA6442AD175B0E5000A2125A /* mdct_lookup.h */,
				AA6442B0175B0E5000A2125A /* misc.h */,
				AA6442B1175B0E5000A2125A /* os.h */,
				AA6442B2175B0E5000A2125A /* registry.c */,
				AA6442B3175B0E5000A2125A /* registry.h */,
				AA6442B4175B0E5000A2125A /* res012.c */,
				AA6442B5175B0E5000A2125A /* sharedbook.c */,
				AA6442B6175B0E5000A2125A /* synthesis.c */,
				AA6442B7175B0E5000A2125A /* vorbisfile.c */,
				AA6442B9175B0E5000A2125A /* window.c */,
				AA6442BA175B0E5000A2125A /* window.h */,
				AA6442B8175B0E5000A2125A /* window_lookup.h */,
			);
			name = tremor;
			path = ../external;
			sourceTree = "<group>";
		};
/* End PBXGroup section */

/* Begin PBXHeadersBuildPhase section */
		BE1FA90807AF96B2004B6283 /* Headers */ = {
			isa = PBXHeadersBuildPhase;
			buildActionMask = 2147483647;
			files = (
				BE1FA90C07AF96B2004B6283 /* music_cmd.h in Headers */,
				BE1FA90D07AF96B2004B6283 /* music_ogg.h in Headers */,
				BE1FA90E07AF96B2004B6283 /* common.h in Headers */,
				BE1FA90F07AF96B2004B6283 /* config.h in Headers */,
				BE1FA91007AF96B2004B6283 /* ctrlmode.h in Headers */,
				BE1FA91107AF96B2004B6283 /* filter.h in Headers */,
				BE1FA91207AF96B2004B6283 /* instrum.h in Headers */,
				BE1FA91307AF96B2004B6283 /* mix.h in Headers */,
				BE1FA91407AF96B2004B6283 /* output.h in Headers */,
				BE1FA91507AF96B2004B6283 /* playmidi.h in Headers */,
				BE1FA91607AF96B2004B6283 /* readmidi.h in Headers */,
				BE1FA91707AF96B2004B6283 /* resample.h in Headers */,
				BE1FA91807AF96B2004B6283 /* tables.h in Headers */,
				BE1FA91907AF96B2004B6283 /* timidity.h in Headers */,
				BE1FA91A07AF96B2004B6283 /* wavestream.h in Headers */,
				BE1FA91B07AF96B2004B6283 /* effects_internal.h in Headers */,
				BE1FA91C07AF96B2004B6283 /* load_aiff.h in Headers */,
				BE1FA91D07AF96B2004B6283 /* load_voc.h in Headers */,
				BE1FA91E07AF96B2004B6283 /* load_ogg.h in Headers */,
				00938E54108A397A0009CF19 /* dynamic_flac.h in Headers */,
				00938E56108A397A0009CF19 /* dynamic_mp3.h in Headers */,
				00938E57108A397A0009CF19 /* dynamic_ogg.h in Headers */,
				AA5F0F0A14B6A6490036992F /* dynamic_fluidsynth.h in Headers */,
				AA5F0F0B14B6A6490036992F /* dynamic_mod.h in Headers */,
				AA5F0F0D14B6A6490036992F /* fluidsynth.h in Headers */,
				AA5F0F0F14B6A6490036992F /* music_modplug.h in Headers */,
				AA64429E175B0E2500A2125A /* asm_arm.h in Headers */,
				AA64429F175B0E2500A2125A /* backends.h in Headers */,
				AA6442A1175B0E2500A2125A /* block.h in Headers */,
				AA6442A3175B0E2500A2125A /* codebook.h in Headers */,
				AA6442A4175B0E2500A2125A /* codec_internal.h in Headers */,
				AA6442A5175B0E2500A2125A /* config_types.h in Headers */,
				AA6442BE175B0E5000A2125A /* ivorbiscodec.h in Headers */,
				AA6442BF175B0E5000A2125A /* ivorbisfile.h in Headers */,
				AA6442C0175B0E5000A2125A /* lsp_lookup.h in Headers */,
				AA6442C2175B0E5000A2125A /* mdct_lookup.h in Headers */,
				AA6442C4175B0E5000A2125A /* mdct.h in Headers */,
				AA6442C5175B0E5000A2125A /* misc.h in Headers */,
				AA6442C6175B0E5000A2125A /* os.h in Headers */,
				AA6442C8175B0E5000A2125A /* registry.h in Headers */,
				AA6442CD175B0E5000A2125A /* window_lookup.h in Headers */,
				AA6442CF175B0E5000A2125A /* window.h in Headers */,
				AA60218517653A9800662B9C /* load_pat.h in Headers */,
				AA60219017653A9800662B9C /* modplug.h in Headers */,
				AA60219617653A9800662B9C /* tables.h in Headers */,
				AA60219A17653B8700662B9C /* dynamic_modplug.h in Headers */,
				04939B4B17E607250015E4E3 /* load_mp3.h in Headers */,
			);
			runOnlyForDeploymentPostprocessing = 0;
		};
/* End PBXHeadersBuildPhase section */

/* Begin PBXNativeTarget section */
		BE1FA90707AF96B2004B6283 /* Static Library */ = {
			isa = PBXNativeTarget;
			buildConfigurationList = 00B7E48F097EC6B300826121 /* Build configuration list for PBXNativeTarget "Static Library" */;
			buildPhases = (
				BE1FA90807AF96B2004B6283 /* Headers */,
				BE1FA92107AF96B2004B6283 /* Sources */,
				BE1FA95207AF96B2004B6283 /* Frameworks */,
				BE1FA95307AF96B2004B6283 /* Rez */,
			);
			buildRules = (
			);
			dependencies = (
			);
			name = "Static Library";
			productInstallPath = /usr/local/lib;
			productName = "Static Library";
			productReference = BE1FA95407AF96B2004B6283 /* libSDL2_mixer.a */;
			productType = "com.apple.product-type.library.static";
		};
/* End PBXNativeTarget section */

/* Begin PBXProject section */
		0867D690FE84028FC02AAC07 /* Project object */ = {
			isa = PBXProject;
			attributes = {
				LastUpgradeCheck = 0630;
			};
			buildConfigurationList = 00B7E497097EC6B300826121 /* Build configuration list for PBXProject "SDL_mixer" */;
			compatibilityVersion = "Xcode 3.2";
			developmentRegion = English;
			hasScannedForEncodings = 1;
			knownRegions = (
				English,
				Japanese,
				French,
				German,
			);
			mainGroup = 0867D691FE84028FC02AAC07 /* SDL_mixerFramework */;
			productRefGroup = 034768DDFF38A45A11DB9C8B /* Products */;
			projectDirPath = "";
			projectRoot = "";
			targets = (
				BE1FA90707AF96B2004B6283 /* Static Library */,
			);
		};
/* End PBXProject section */

/* Begin PBXRezBuildPhase section */
		BE1FA95307AF96B2004B6283 /* Rez */ = {
			isa = PBXRezBuildPhase;
			buildActionMask = 2147483647;
			files = (
			);
			runOnlyForDeploymentPostprocessing = 0;
		};
/* End PBXRezBuildPhase section */

/* Begin PBXSourcesBuildPhase section */
		BE1FA92107AF96B2004B6283 /* Sources */ = {
			isa = PBXSourcesBuildPhase;
			buildActionMask = 2147483647;
			files = (
				BE1FA93807AF96B2004B6283 /* mixer.c in Sources */,
				BE1FA93907AF96B2004B6283 /* music_cmd.c in Sources */,
				BE1FA93A07AF96B2004B6283 /* music_ogg.c in Sources */,
				BE1FA93B07AF96B2004B6283 /* music.c in Sources */,
				BE1FA93C07AF96B2004B6283 /* common.c in Sources */,
				BE1FA93D07AF96B2004B6283 /* ctrlmode.c in Sources */,
				BE1FA93E07AF96B2004B6283 /* filter.c in Sources */,
				BE1FA93F07AF96B2004B6283 /* instrum.c in Sources */,
				BE1FA94007AF96B2004B6283 /* mix.c in Sources */,
				BE1FA94107AF96B2004B6283 /* output.c in Sources */,
				BE1FA94207AF96B2004B6283 /* playmidi.c in Sources */,
				BE1FA94307AF96B2004B6283 /* readmidi.c in Sources */,
				BE1FA94407AF96B2004B6283 /* resample.c in Sources */,
				BE1FA94507AF96B2004B6283 /* sdl_a.c in Sources */,
				BE1FA94607AF96B2004B6283 /* sdl_c.c in Sources */,
				BE1FA94707AF96B2004B6283 /* tables.c in Sources */,
				BE1FA94807AF96B2004B6283 /* timidity.c in Sources */,
				BE1FA94907AF96B2004B6283 /* wavestream.c in Sources */,
				BE1FA94A07AF96B2004B6283 /* effect_position.c in Sources */,
				BE1FA94B07AF96B2004B6283 /* effect_stereoreverse.c in Sources */,
				BE1FA94C07AF96B2004B6283 /* effects_internal.c in Sources */,
				BE1FA94D07AF96B2004B6283 /* load_aiff.c in Sources */,
				BE1FA94E07AF96B2004B6283 /* load_voc.c in Sources */,
				BE1FA94F07AF96B2004B6283 /* load_ogg.c in Sources */,
				04A8FCA60A19CAEC0046373F /* dynamic_mp3.c in Sources */,
				04A8FCAB0A19CB070046373F /* dynamic_ogg.c in Sources */,
				00938E53108A397A0009CF19 /* dynamic_flac.c in Sources */,
				00938E55108A397A0009CF19 /* dynamic_mod.c in Sources */,
				AA5F0F0914B6A6490036992F /* dynamic_fluidsynth.c in Sources */,
				AA5F0F0C14B6A6490036992F /* fluidsynth.c in Sources */,
				AA5F0F0E14B6A6490036992F /* music_modplug.c in Sources */,
				AA644294175B0E0600A2125A /* bitwise.c in Sources */,
				AA644295175B0E0600A2125A /* framing.c in Sources */,
				AA6442A0175B0E2500A2125A /* block.c in Sources */,
				AA6442A2175B0E2500A2125A /* codebook.c in Sources */,
				AA6442BB175B0E5000A2125A /* floor0.c in Sources */,
				AA6442BC175B0E5000A2125A /* floor1.c in Sources */,
				AA6442BD175B0E5000A2125A /* info.c in Sources */,
				AA6442C1175B0E5000A2125A /* mapping0.c in Sources */,
				AA6442C3175B0E5000A2125A /* mdct.c in Sources */,
				AA6442C7175B0E5000A2125A /* registry.c in Sources */,
				AA6442C9175B0E5000A2125A /* res012.c in Sources */,
				AA6442CA175B0E5000A2125A /* sharedbook.c in Sources */,
				AA6442CB175B0E5000A2125A /* synthesis.c in Sources */,
				AA6442CC175B0E5000A2125A /* vorbisfile.c in Sources */,
				AA6442CE175B0E5000A2125A /* window.c in Sources */,
				AA60217217653A9800662B9C /* fastmix.cpp in Sources */,
				AA60217317653A9800662B9C /* load_669.cpp in Sources */,
				AA60217417653A9800662B9C /* load_abc.cpp in Sources */,
				AA60217517653A9800662B9C /* load_amf.cpp in Sources */,
				AA60217617653A9800662B9C /* load_ams.cpp in Sources */,
				AA60217717653A9800662B9C /* load_dbm.cpp in Sources */,
				AA60217817653A9800662B9C /* load_dmf.cpp in Sources */,
				AA60217917653A9800662B9C /* load_dsm.cpp in Sources */,
				AA60217A17653A9800662B9C /* load_far.cpp in Sources */,
				AA60217B17653A9800662B9C /* load_it.cpp in Sources */,
				AA60217C17653A9800662B9C /* load_j2b.cpp in Sources */,
				AA60217D17653A9800662B9C /* load_mdl.cpp in Sources */,
				AA60217E17653A9800662B9C /* load_med.cpp in Sources */,
				AA60217F17653A9800662B9C /* load_mid.cpp in Sources */,
				AA60218017653A9800662B9C /* load_mod.cpp in Sources */,
				AA60218117653A9800662B9C /* load_mt2.cpp in Sources */,
				AA60218217653A9800662B9C /* load_mtm.cpp in Sources */,
				AA60218317653A9800662B9C /* load_okt.cpp in Sources */,
				AA60218417653A9800662B9C /* load_pat.cpp in Sources */,
				AA60218617653A9800662B9C /* load_psm.cpp in Sources */,
				AA60218717653A9800662B9C /* load_ptm.cpp in Sources */,
				AA60218817653A9800662B9C /* load_s3m.cpp in Sources */,
				AA60218917653A9800662B9C /* load_stm.cpp in Sources */,
				AA60218A17653A9800662B9C /* load_ult.cpp in Sources */,
				AA60218B17653A9800662B9C /* load_umx.cpp in Sources */,
				AA60218C17653A9800662B9C /* load_wav.cpp in Sources */,
				AA60218D17653A9800662B9C /* load_xm.cpp in Sources */,
				AA60218E17653A9800662B9C /* mmcmp.cpp in Sources */,
				AA60218F17653A9800662B9C /* modplug.cpp in Sources */,
				AA60219117653A9800662B9C /* snd_dsp.cpp in Sources */,
				AA60219217653A9800662B9C /* snd_flt.cpp in Sources */,
				AA60219317653A9800662B9C /* snd_fx.cpp in Sources */,
				AA60219417653A9800662B9C /* sndfile.cpp in Sources */,
				AA60219517653A9800662B9C /* sndmix.cpp in Sources */,
				AA60219917653B8700662B9C /* dynamic_modplug.c in Sources */,
				04939B4A17E607250015E4E3 /* load_mp3.c in Sources */,
			);
			runOnlyForDeploymentPostprocessing = 0;
		};
/* End PBXSourcesBuildPhase section */

/* Begin XCBuildConfiguration section */
		00B7E490097EC6B300826121 /* Release */ = {
			isa = XCBuildConfiguration;
			buildSettings = {
				DYLIB_COMPATIBILITY_VERSION = 1;
				DYLIB_CURRENT_VERSION = 1.1.0;
				IPHONEOS_DEPLOYMENT_TARGET = 5.1;
				LIBRARY_STYLE = STATIC;
				OTHER_CFLAGS = "";
				PRODUCT_NAME = SDL2_mixer;
				SKIP_INSTALL = YES;
			};
			name = Release;
		};
		00B7E491097EC6B300826121 /* Debug */ = {
			isa = XCBuildConfiguration;
			buildSettings = {
				DYLIB_COMPATIBILITY_VERSION = 1;
				DYLIB_CURRENT_VERSION = 1.1.0;
				IPHONEOS_DEPLOYMENT_TARGET = 5.1;
				LIBRARY_STYLE = STATIC;
				OTHER_CFLAGS = "";
				PRODUCT_NAME = SDL2_mixer;
				SKIP_INSTALL = YES;
			};
			name = Debug;
		};
		00B7E498097EC6B300826121 /* Release */ = {
			isa = XCBuildConfiguration;
			buildSettings = {
				GCC_GENERATE_DEBUGGING_SYMBOLS = NO;
				GCC_PREPROCESSOR_DEFINITIONS = (
					WAV_MUSIC,
					MODPLUG_MUSIC,
					"MODPLUG_HEADER=\"<modplug.h>\"",
					MID_MUSIC,
					OGG_MUSIC,
					OGG_USE_TREMOR,
					"OGG_HEADER=\"<ivorbisfile.h>\"",
					HAVE_STDINT_H,
					HAVE_SETENV,
					HAVE_SINF,
				);
				GCC_SYMBOLS_PRIVATE_EXTERN = YES;
				HEADER_SEARCH_PATHS = (
					"$(HEADER_SEARCH_PATHS_QUOTED_FOR_PROJECT_1)",
					"$(HEADER_SEARCH_PATHS_QUOTED_FOR_PROJECT_2)",
				);
				HEADER_SEARCH_PATHS_QUOTED_FOR_PROJECT_1 = "\"$(SRCROOT)/../../SDL/include\"";
				HEADER_SEARCH_PATHS_QUOTED_FOR_PROJECT_2 = "\"$(SRCROOT)/../external/libmodplug-0.8.8.4/src\" \"$(SRCROOT)/../external/libmodplug-0.8.8.4/src/libmodplug\" \"$(SRCROOT)/../external/libvorbisidec-1.2.1\" \"$(SRCROOT)/../external/libogg-1.3.1/include\"";
				IPHONEOS_DEPLOYMENT_TARGET = 3.0;
				SDKROOT = iphoneos;
				TARGETED_DEVICE_FAMILY = "1,2";
			};
			name = Release;
		};
		00B7E499097EC6B300826121 /* Debug */ = {
			isa = XCBuildConfiguration;
			buildSettings = {
				GCC_OPTIMIZATION_LEVEL = 0;
				GCC_PREPROCESSOR_DEFINITIONS = (
					WAV_MUSIC,
					MODPLUG_MUSIC,
					"MODPLUG_HEADER=\"<modplug.h>\"",
					MID_MUSIC,
					OGG_MUSIC,
					OGG_USE_TREMOR,
					"OGG_HEADER=\"<ivorbisfile.h>\"",
					HAVE_STDINT_H,
					HAVE_SETENV,
					HAVE_SINF,
				);
				GCC_SYMBOLS_PRIVATE_EXTERN = YES;
				HEADER_SEARCH_PATHS = (
					"$(HEADER_SEARCH_PATHS_QUOTED_FOR_PROJECT_1)",
					"$(HEADER_SEARCH_PATHS_QUOTED_FOR_PROJECT_2)",
				);
				HEADER_SEARCH_PATHS_QUOTED_FOR_PROJECT_1 = "\"$(SRCROOT)/../../SDL/include\"";
				HEADER_SEARCH_PATHS_QUOTED_FOR_PROJECT_2 = "\"$(SRCROOT)/../external/libmodplug-0.8.8.4/src\" \"$(SRCROOT)/../external/libmodplug-0.8.8.4/src/libmodplug\" \"$(SRCROOT)/../external/libvorbisidec-1.2.1\" \"$(SRCROOT)/../external/libogg-1.3.1/include\"";
				IPHONEOS_DEPLOYMENT_TARGET = 3.0;
				ONLY_ACTIVE_ARCH = YES;
				SDKROOT = iphoneos;
				TARGETED_DEVICE_FAMILY = "1,2";
			};
			name = Debug;
		};
/* End XCBuildConfiguration section */

/* Begin XCConfigurationList section */
		00B7E48F097EC6B300826121 /* Build configuration list for PBXNativeTarget "Static Library" */ = {
			isa = XCConfigurationList;
			buildConfigurations = (
				00B7E490097EC6B300826121 /* Release */,
				00B7E491097EC6B300826121 /* Debug */,
			);
			defaultConfigurationIsVisible = 0;
			defaultConfigurationName = Release;
		};
		00B7E497097EC6B300826121 /* Build configuration list for PBXProject "SDL_mixer" */ = {
			isa = XCConfigurationList;
			buildConfigurations = (
				00B7E498097EC6B300826121 /* Release */,
				00B7E499097EC6B300826121 /* Debug */,
			);
			defaultConfigurationIsVisible = 0;
			defaultConfigurationName = Release;
		};
/* End XCConfigurationList section */
	};
	rootObject = 0867D690FE84028FC02AAC07 /* Project object */;
}
