// !$*UTF8*$!
{
	archiveVersion = 1;
	classes = {
	};
	objectVersion = 46;
	objects = {

/* Begin PBXBuildFile section */
		00938E33108A37800009CF19 /* load_flac.c in Sources */ = {isa = PBXBuildFile; fileRef = 00938E2B108A37800009CF19 /* load_flac.c */; };
		00938E34108A37800009CF19 /* load_flac.h in Headers */ = {isa = PBXBuildFile; fileRef = 00938E2C108A37800009CF19 /* load_flac.h */; };
		00938E35108A37800009CF19 /* music_flac.c in Sources */ = {isa = PBXBuildFile; fileRef = 00938E2D108A37800009CF19 /* music_flac.c */; };
		00938E36108A37800009CF19 /* music_flac.h in Headers */ = {isa = PBXBuildFile; fileRef = 00938E2E108A37800009CF19 /* music_flac.h */; };
		00938E37108A37800009CF19 /* music_mad.c in Sources */ = {isa = PBXBuildFile; fileRef = 00938E2F108A37800009CF19 /* music_mad.c */; };
		00938E38108A37800009CF19 /* music_mad.h in Headers */ = {isa = PBXBuildFile; fileRef = 00938E30108A37800009CF19 /* music_mad.h */; };
		00938E39108A37800009CF19 /* music_mod.c in Sources */ = {isa = PBXBuildFile; fileRef = 00938E31108A37800009CF19 /* music_mod.c */; };
		00938E3A108A37800009CF19 /* music_mod.h in Headers */ = {isa = PBXBuildFile; fileRef = 00938E32108A37800009CF19 /* music_mod.h */; };
		00938E4E108A397A0009CF19 /* dynamic_flac.c in Sources */ = {isa = PBXBuildFile; fileRef = 00938E49108A397A0009CF19 /* dynamic_flac.c */; };
		00938E4F108A397A0009CF19 /* dynamic_flac.h in Headers */ = {isa = PBXBuildFile; fileRef = 00938E4A108A397A0009CF19 /* dynamic_flac.h */; };
		00938E50108A397A0009CF19 /* dynamic_mod.c in Sources */ = {isa = PBXBuildFile; fileRef = 00938E4B108A397A0009CF19 /* dynamic_mod.c */; };
		00938E51108A397A0009CF19 /* dynamic_mp3.h in Headers */ = {isa = PBXBuildFile; fileRef = 00938E4C108A397A0009CF19 /* dynamic_mp3.h */; };
		00938E52108A397A0009CF19 /* dynamic_ogg.h in Headers */ = {isa = PBXBuildFile; fileRef = 00938E4D108A397A0009CF19 /* dynamic_ogg.h */; };
		00938E53108A397A0009CF19 /* dynamic_flac.c in Sources */ = {isa = PBXBuildFile; fileRef = 00938E49108A397A0009CF19 /* dynamic_flac.c */; };
		00938E54108A397A0009CF19 /* dynamic_flac.h in Headers */ = {isa = PBXBuildFile; fileRef = 00938E4A108A397A0009CF19 /* dynamic_flac.h */; };
		00938E55108A397A0009CF19 /* dynamic_mod.c in Sources */ = {isa = PBXBuildFile; fileRef = 00938E4B108A397A0009CF19 /* dynamic_mod.c */; };
		00938E56108A397A0009CF19 /* dynamic_mp3.h in Headers */ = {isa = PBXBuildFile; fileRef = 00938E4C108A397A0009CF19 /* dynamic_mp3.h */; };
		00938E57108A397A0009CF19 /* dynamic_ogg.h in Headers */ = {isa = PBXBuildFile; fileRef = 00938E4D108A397A0009CF19 /* dynamic_ogg.h */; };
		0448E8AE108B937A00C9D3EA /* native_midi_macosx.c in Sources */ = {isa = PBXBuildFile; fileRef = 0448E8AD108B937A00C9D3EA /* native_midi_macosx.c */; };
		0448E8AF108B937A00C9D3EA /* native_midi_macosx.c in Sources */ = {isa = PBXBuildFile; fileRef = 0448E8AD108B937A00C9D3EA /* native_midi_macosx.c */; };
		04939B4E17E607F70015E4E3 /* load_mp3.c in Sources */ = {isa = PBXBuildFile; fileRef = 04939B4C17E607F70015E4E3 /* load_mp3.c */; };
		04939B4F17E607F70015E4E3 /* load_mp3.c in Sources */ = {isa = PBXBuildFile; fileRef = 04939B4C17E607F70015E4E3 /* load_mp3.c */; };
		04939B5017E607F70015E4E3 /* load_mp3.h in Headers */ = {isa = PBXBuildFile; fileRef = 04939B4D17E607F70015E4E3 /* load_mp3.h */; };
		04939B5117E607F70015E4E3 /* load_mp3.h in Headers */ = {isa = PBXBuildFile; fileRef = 04939B4D17E607F70015E4E3 /* load_mp3.h */; };
		04A8FCA60A19CAEC0046373F /* dynamic_mp3.c in Sources */ = {isa = PBXBuildFile; fileRef = 04A8FCA40A19CAEC0046373F /* dynamic_mp3.c */; };
		04A8FCA70A19CAEC0046373F /* dynamic_mp3.c in Sources */ = {isa = PBXBuildFile; fileRef = 04A8FCA40A19CAEC0046373F /* dynamic_mp3.c */; };
		04A8FCAB0A19CB070046373F /* dynamic_ogg.c in Sources */ = {isa = PBXBuildFile; fileRef = 04A8FCA90A19CB070046373F /* dynamic_ogg.c */; };
		04A8FCAC0A19CB070046373F /* dynamic_ogg.c in Sources */ = {isa = PBXBuildFile; fileRef = 04A8FCA90A19CB070046373F /* dynamic_ogg.c */; };
		AA6021301765383B00662B9C /* modplug.framework in Copy Frameworks */ = {isa = PBXBuildFile; fileRef = AA60212F1765382200662B9C /* modplug.framework */; settings = {ATTRIBUTES = (CodeSignOnCopy, ); }; };
		AA60213A176538EB00662B9C /* dynamic_fluidsynth.c in Sources */ = {isa = PBXBuildFile; fileRef = AA602131176538EB00662B9C /* dynamic_fluidsynth.c */; };
		AA60213B176538EB00662B9C /* dynamic_fluidsynth.c in Sources */ = {isa = PBXBuildFile; fileRef = AA602131176538EB00662B9C /* dynamic_fluidsynth.c */; };
		AA60213C176538EB00662B9C /* dynamic_fluidsynth.h in Headers */ = {isa = PBXBuildFile; fileRef = AA602132176538EB00662B9C /* dynamic_fluidsynth.h */; };
		AA60213D176538EB00662B9C /* dynamic_fluidsynth.h in Headers */ = {isa = PBXBuildFile; fileRef = AA602132176538EB00662B9C /* dynamic_fluidsynth.h */; };
		AA60213E176538EB00662B9C /* dynamic_mod.h in Headers */ = {isa = PBXBuildFile; fileRef = AA602133176538EB00662B9C /* dynamic_mod.h */; };
		AA60213F176538EB00662B9C /* dynamic_mod.h in Headers */ = {isa = PBXBuildFile; fileRef = AA602133176538EB00662B9C /* dynamic_mod.h */; };
		AA602140176538EB00662B9C /* dynamic_modplug.c in Sources */ = {isa = PBXBuildFile; fileRef = AA602134176538EB00662B9C /* dynamic_modplug.c */; };
		AA602141176538EB00662B9C /* dynamic_modplug.c in Sources */ = {isa = PBXBuildFile; fileRef = AA602134176538EB00662B9C /* dynamic_modplug.c */; };
		AA602142176538EB00662B9C /* dynamic_modplug.h in Headers */ = {isa = PBXBuildFile; fileRef = AA602135176538EB00662B9C /* dynamic_modplug.h */; };
		AA602143176538EB00662B9C /* dynamic_modplug.h in Headers */ = {isa = PBXBuildFile; fileRef = AA602135176538EB00662B9C /* dynamic_modplug.h */; };
		AA602144176538EB00662B9C /* fluidsynth.c in Sources */ = {isa = PBXBuildFile; fileRef = AA602136176538EB00662B9C /* fluidsynth.c */; };
		AA602145176538EB00662B9C /* fluidsynth.c in Sources */ = {isa = PBXBuildFile; fileRef = AA602136176538EB00662B9C /* fluidsynth.c */; };
		AA602146176538EB00662B9C /* fluidsynth.h in Headers */ = {isa = PBXBuildFile; fileRef = AA602137176538EB00662B9C /* fluidsynth.h */; };
		AA602147176538EB00662B9C /* fluidsynth.h in Headers */ = {isa = PBXBuildFile; fileRef = AA602137176538EB00662B9C /* fluidsynth.h */; };
		AA602148176538EB00662B9C /* music_modplug.c in Sources */ = {isa = PBXBuildFile; fileRef = AA602138176538EB00662B9C /* music_modplug.c */; };
		AA602149176538EB00662B9C /* music_modplug.c in Sources */ = {isa = PBXBuildFile; fileRef = AA602138176538EB00662B9C /* music_modplug.c */; };
		AA60214A176538EB00662B9C /* music_modplug.h in Headers */ = {isa = PBXBuildFile; fileRef = AA602139176538EB00662B9C /* music_modplug.h */; };
		AA60214B176538EB00662B9C /* music_modplug.h in Headers */ = {isa = PBXBuildFile; fileRef = AA602139176538EB00662B9C /* music_modplug.h */; };
		AA644290175AA7C900A2125A /* smpeg2.framework in Copy Frameworks */ = {isa = PBXBuildFile; fileRef = AA64428E175AA7A500A2125A /* smpeg2.framework */; settings = {ATTRIBUTES = (CodeSignOnCopy, ); }; };
		AA6442D1175B181300A2125A /* AudioToolbox.framework in Frameworks */ = {isa = PBXBuildFile; fileRef = AA6442D0175B181300A2125A /* AudioToolbox.framework */; };
		AA6442D3175B181D00A2125A /* AudioUnit.framework in Frameworks */ = {isa = PBXBuildFile; fileRef = AA6442D2175B181D00A2125A /* AudioUnit.framework */; };
		AA6442D5175B185800A2125A /* CoreServices.framework in Frameworks */ = {isa = PBXBuildFile; fileRef = AA6442D4175B185800A2125A /* CoreServices.framework */; };
		AA9F7DB914B15D3300278D1E /* FLAC.framework in Copy Frameworks */ = {isa = PBXBuildFile; fileRef = AA9F7DB714B15AE700278D1E /* FLAC.framework */; settings = {ATTRIBUTES = (CodeSignOnCopy, ); }; };
		AA9F7DBB14B15D4400278D1E /* Ogg.framework in Copy Frameworks */ = {isa = PBXBuildFile; fileRef = AA9F7DB314B15ADC00278D1E /* Ogg.framework */; settings = {ATTRIBUTES = (CodeSignOnCopy, ); }; };
		AA9F7DBE14B15D5400278D1E /* Vorbis.framework in Copy Frameworks */ = {isa = PBXBuildFile; fileRef = AA9F7DB414B15ADC00278D1E /* Vorbis.framework */; settings = {ATTRIBUTES = (CodeSignOnCopy, ); }; };
		BE1FA8B907AF96B2004B6283 /* music_cmd.h in Headers */ = {isa = PBXBuildFile; fileRef = 5CC1B87B012FB8CD7F000001 /* music_cmd.h */; };
		BE1FA8BA07AF96B2004B6283 /* music_ogg.h in Headers */ = {isa = PBXBuildFile; fileRef = 5CC1B87D012FB8CD7F000001 /* music_ogg.h */; };
		BE1FA8BB07AF96B2004B6283 /* common.h in Headers */ = {isa = PBXBuildFile; fileRef = 5CC1B881012FB8CD7F000001 /* common.h */; };
		BE1FA8BC07AF96B2004B6283 /* config.h in Headers */ = {isa = PBXBuildFile; fileRef = 5CC1B882012FB8CD7F000001 /* config.h */; };
		BE1FA8BD07AF96B2004B6283 /* ctrlmode.h in Headers */ = {isa = PBXBuildFile; fileRef = 5CC1B884012FB8CD7F000001 /* ctrlmode.h */; };
		BE1FA8BE07AF96B2004B6283 /* filter.h in Headers */ = {isa = PBXBuildFile; fileRef = 5CC1B886012FB8CD7F000001 /* filter.h */; };
		BE1FA8BF07AF96B2004B6283 /* instrum.h in Headers */ = {isa = PBXBuildFile; fileRef = 5CC1B888012FB8CD7F000001 /* instrum.h */; };
		BE1FA8C007AF96B2004B6283 /* mix.h in Headers */ = {isa = PBXBuildFile; fileRef = 5CC1B88A012FB8CD7F000001 /* mix.h */; };
		BE1FA8C107AF96B2004B6283 /* output.h in Headers */ = {isa = PBXBuildFile; fileRef = 5CC1B88C012FB8CD7F000001 /* output.h */; };
		BE1FA8C207AF96B2004B6283 /* playmidi.h in Headers */ = {isa = PBXBuildFile; fileRef = 5CC1B88E012FB8CD7F000001 /* playmidi.h */; };
		BE1FA8C307AF96B2004B6283 /* readmidi.h in Headers */ = {isa = PBXBuildFile; fileRef = 5CC1B890012FB8CD7F000001 /* readmidi.h */; };
		BE1FA8C407AF96B2004B6283 /* resample.h in Headers */ = {isa = PBXBuildFile; fileRef = 5CC1B892012FB8CD7F000001 /* resample.h */; };
		BE1FA8C507AF96B2004B6283 /* tables.h in Headers */ = {isa = PBXBuildFile; fileRef = 5CC1B896012FB8CD7F000001 /* tables.h */; };
		BE1FA8C607AF96B2004B6283 /* timidity.h in Headers */ = {isa = PBXBuildFile; fileRef = 5CC1B898012FB8CD7F000001 /* timidity.h */; };
		BE1FA8C707AF96B2004B6283 /* wavestream.h in Headers */ = {isa = PBXBuildFile; fileRef = 5CC1B89C012FB8CD7F000001 /* wavestream.h */; };
		BE1FA8C807AF96B2004B6283 /* effects_internal.h in Headers */ = {isa = PBXBuildFile; fileRef = F567D63E01CD881401F3E8B9 /* effects_internal.h */; };
		BE1FA8C907AF96B2004B6283 /* load_aiff.h in Headers */ = {isa = PBXBuildFile; fileRef = F567D64801CD88A701F3E8B9 /* load_aiff.h */; };
		BE1FA8CA07AF96B2004B6283 /* load_voc.h in Headers */ = {isa = PBXBuildFile; fileRef = F567D64A01CD88A701F3E8B9 /* load_voc.h */; };
		BE1FA8CD07AF96B2004B6283 /* SDL_mixer.h in Headers */ = {isa = PBXBuildFile; fileRef = 1014BAEA010A4B677F000001 /* SDL_mixer.h */; settings = {ATTRIBUTES = (Public, ); }; };
		BE1FA8CE07AF96B2004B6283 /* load_ogg.h in Headers */ = {isa = PBXBuildFile; fileRef = B2A42D0F03FAC6A400A8000A /* load_ogg.h */; };
		BE1FA8E707AF96B2004B6283 /* mixer.c in Sources */ = {isa = PBXBuildFile; fileRef = 5CC1B879012FB8CD7F000001 /* mixer.c */; };
		BE1FA8E807AF96B2004B6283 /* music_cmd.c in Sources */ = {isa = PBXBuildFile; fileRef = 5CC1B87A012FB8CD7F000001 /* music_cmd.c */; };
		BE1FA8E907AF96B2004B6283 /* music_ogg.c in Sources */ = {isa = PBXBuildFile; fileRef = 5CC1B87C012FB8CD7F000001 /* music_ogg.c */; };
		BE1FA8EA07AF96B2004B6283 /* music.c in Sources */ = {isa = PBXBuildFile; fileRef = 5CC1B87E012FB8CD7F000001 /* music.c */; };
		BE1FA8EB07AF96B2004B6283 /* common.c in Sources */ = {isa = PBXBuildFile; fileRef = 5CC1B880012FB8CD7F000001 /* common.c */; };
		BE1FA8EC07AF96B2004B6283 /* ctrlmode.c in Sources */ = {isa = PBXBuildFile; fileRef = 5CC1B883012FB8CD7F000001 /* ctrlmode.c */; };
		BE1FA8ED07AF96B2004B6283 /* filter.c in Sources */ = {isa = PBXBuildFile; fileRef = 5CC1B885012FB8CD7F000001 /* filter.c */; };
		BE1FA8EE07AF96B2004B6283 /* instrum.c in Sources */ = {isa = PBXBuildFile; fileRef = 5CC1B887012FB8CD7F000001 /* instrum.c */; };
		BE1FA8EF07AF96B2004B6283 /* mix.c in Sources */ = {isa = PBXBuildFile; fileRef = 5CC1B889012FB8CD7F000001 /* mix.c */; };
		BE1FA8F007AF96B2004B6283 /* output.c in Sources */ = {isa = PBXBuildFile; fileRef = 5CC1B88B012FB8CD7F000001 /* output.c */; };
		BE1FA8F107AF96B2004B6283 /* playmidi.c in Sources */ = {isa = PBXBuildFile; fileRef = 5CC1B88D012FB8CD7F000001 /* playmidi.c */; };
		BE1FA8F207AF96B2004B6283 /* readmidi.c in Sources */ = {isa = PBXBuildFile; fileRef = 5CC1B88F012FB8CD7F000001 /* readmidi.c */; };
		BE1FA8F307AF96B2004B6283 /* resample.c in Sources */ = {isa = PBXBuildFile; fileRef = 5CC1B891012FB8CD7F000001 /* resample.c */; };
		BE1FA8F407AF96B2004B6283 /* sdl_a.c in Sources */ = {isa = PBXBuildFile; fileRef = 5CC1B893012FB8CD7F000001 /* sdl_a.c */; };
		BE1FA8F507AF96B2004B6283 /* sdl_c.c in Sources */ = {isa = PBXBuildFile; fileRef = 5CC1B894012FB8CD7F000001 /* sdl_c.c */; };
		BE1FA8F607AF96B2004B6283 /* tables.c in Sources */ = {isa = PBXBuildFile; fileRef = 5CC1B895012FB8CD7F000001 /* tables.c */; };
		BE1FA8F707AF96B2004B6283 /* timidity.c in Sources */ = {isa = PBXBuildFile; fileRef = 5CC1B897012FB8CD7F000001 /* timidity.c */; };
		BE1FA8F807AF96B2004B6283 /* wavestream.c in Sources */ = {isa = PBXBuildFile; fileRef = 5CC1B89B012FB8CD7F000001 /* wavestream.c */; };
		BE1FA8F907AF96B2004B6283 /* effect_position.c in Sources */ = {isa = PBXBuildFile; fileRef = F567D63B01CD881401F3E8B9 /* effect_position.c */; };
		BE1FA8FA07AF96B2004B6283 /* effect_stereoreverse.c in Sources */ = {isa = PBXBuildFile; fileRef = F567D63C01CD881401F3E8B9 /* effect_stereoreverse.c */; };
		BE1FA8FB07AF96B2004B6283 /* effects_internal.c in Sources */ = {isa = PBXBuildFile; fileRef = F567D63D01CD881401F3E8B9 /* effects_internal.c */; };
		BE1FA8FC07AF96B2004B6283 /* load_aiff.c in Sources */ = {isa = PBXBuildFile; fileRef = F567D64701CD88A701F3E8B9 /* load_aiff.c */; };
		BE1FA8FD07AF96B2004B6283 /* load_voc.c in Sources */ = {isa = PBXBuildFile; fileRef = F567D64901CD88A701F3E8B9 /* load_voc.c */; };
		BE1FA90007AF96B2004B6283 /* load_ogg.c in Sources */ = {isa = PBXBuildFile; fileRef = B2A42D0E03FAC6A400A8000A /* load_ogg.c */; };
		BE1FA90207AF96B2004B6283 /* SDL2.framework in Frameworks */ = {isa = PBXBuildFile; fileRef = BE1FA8AE07AF95F7004B6283 /* SDL2.framework */; };
		BE1FA90C07AF96B2004B6283 /* music_cmd.h in Headers */ = {isa = PBXBuildFile; fileRef = 5CC1B87B012FB8CD7F000001 /* music_cmd.h */; };
		BE1FA90D07AF96B2004B6283 /* music_ogg.h in Headers */ = {isa = PBXBuildFile; fileRef = 5CC1B87D012FB8CD7F000001 /* music_ogg.h */; };
		BE1FA90E07AF96B2004B6283 /* common.h in Headers */ = {isa = PBXBuildFile; fileRef = 5CC1B881012FB8CD7F000001 /* common.h */; };
		BE1FA90F07AF96B2004B6283 /* config.h in Headers */ = {isa = PBXBuildFile; fileRef = 5CC1B882012FB8CD7F000001 /* config.h */; };
		BE1FA91007AF96B2004B6283 /* ctrlmode.h in Headers */ = {isa = PBXBuildFile; fileRef = 5CC1B884012FB8CD7F000001 /* ctrlmode.h */; };
		BE1FA91107AF96B2004B6283 /* filter.h in Headers */ = {isa = PBXBuildFile; fileRef = 5CC1B886012FB8CD7F000001 /* filter.h */; };
		BE1FA91207AF96B2004B6283 /* instrum.h in Headers */ = {isa = PBXBuildFile; fileRef = 5CC1B888012FB8CD7F000001 /* instrum.h */; };
		BE1FA91307AF96B2004B6283 /* mix.h in Headers */ = {isa = PBXBuildFile; fileRef = 5CC1B88A012FB8CD7F000001 /* mix.h */; };
		BE1FA91407AF96B2004B6283 /* output.h in Headers */ = {isa = PBXBuildFile; fileRef = 5CC1B88C012FB8CD7F000001 /* output.h */; };
		BE1FA91507AF96B2004B6283 /* playmidi.h in Headers */ = {isa = PBXBuildFile; fileRef = 5CC1B88E012FB8CD7F000001 /* playmidi.h */; };
		BE1FA91607AF96B2004B6283 /* readmidi.h in Headers */ = {isa = PBXBuildFile; fileRef = 5CC1B890012FB8CD7F000001 /* readmidi.h */; };
		BE1FA91707AF96B2004B6283 /* resample.h in Headers */ = {isa = PBXBuildFile; fileRef = 5CC1B892012FB8CD7F000001 /* resample.h */; };
		BE1FA91807AF96B2004B6283 /* tables.h in Headers */ = {isa = PBXBuildFile; fileRef = 5CC1B896012FB8CD7F000001 /* tables.h */; };
		BE1FA91907AF96B2004B6283 /* timidity.h in Headers */ = {isa = PBXBuildFile; fileRef = 5CC1B898012FB8CD7F000001 /* timidity.h */; };
		BE1FA91A07AF96B2004B6283 /* wavestream.h in Headers */ = {isa = PBXBuildFile; fileRef = 5CC1B89C012FB8CD7F000001 /* wavestream.h */; };
		BE1FA91B07AF96B2004B6283 /* effects_internal.h in Headers */ = {isa = PBXBuildFile; fileRef = F567D63E01CD881401F3E8B9 /* effects_internal.h */; };
		BE1FA91C07AF96B2004B6283 /* load_aiff.h in Headers */ = {isa = PBXBuildFile; fileRef = F567D64801CD88A701F3E8B9 /* load_aiff.h */; };
		BE1FA91D07AF96B2004B6283 /* load_voc.h in Headers */ = {isa = PBXBuildFile; fileRef = F567D64A01CD88A701F3E8B9 /* load_voc.h */; };
		BE1FA91E07AF96B2004B6283 /* load_ogg.h in Headers */ = {isa = PBXBuildFile; fileRef = B2A42D0F03FAC6A400A8000A /* load_ogg.h */; };
		BE1FA93807AF96B2004B6283 /* mixer.c in Sources */ = {isa = PBXBuildFile; fileRef = 5CC1B879012FB8CD7F000001 /* mixer.c */; };
		BE1FA93907AF96B2004B6283 /* music_cmd.c in Sources */ = {isa = PBXBuildFile; fileRef = 5CC1B87A012FB8CD7F000001 /* music_cmd.c */; };
		BE1FA93A07AF96B2004B6283 /* music_ogg.c in Sources */ = {isa = PBXBuildFile; fileRef = 5CC1B87C012FB8CD7F000001 /* music_ogg.c */; };
		BE1FA93B07AF96B2004B6283 /* music.c in Sources */ = {isa = PBXBuildFile; fileRef = 5CC1B87E012FB8CD7F000001 /* music.c */; };
		BE1FA93C07AF96B2004B6283 /* common.c in Sources */ = {isa = PBXBuildFile; fileRef = 5CC1B880012FB8CD7F000001 /* common.c */; };
		BE1FA93D07AF96B2004B6283 /* ctrlmode.c in Sources */ = {isa = PBXBuildFile; fileRef = 5CC1B883012FB8CD7F000001 /* ctrlmode.c */; };
		BE1FA93E07AF96B2004B6283 /* filter.c in Sources */ = {isa = PBXBuildFile; fileRef = 5CC1B885012FB8CD7F000001 /* filter.c */; };
		BE1FA93F07AF96B2004B6283 /* instrum.c in Sources */ = {isa = PBXBuildFile; fileRef = 5CC1B887012FB8CD7F000001 /* instrum.c */; };
		BE1FA94007AF96B2004B6283 /* mix.c in Sources */ = {isa = PBXBuildFile; fileRef = 5CC1B889012FB8CD7F000001 /* mix.c */; };
		BE1FA94107AF96B2004B6283 /* output.c in Sources */ = {isa = PBXBuildFile; fileRef = 5CC1B88B012FB8CD7F000001 /* output.c */; };
		BE1FA94207AF96B2004B6283 /* playmidi.c in Sources */ = {isa = PBXBuildFile; fileRef = 5CC1B88D012FB8CD7F000001 /* playmidi.c */; };
		BE1FA94307AF96B2004B6283 /* readmidi.c in Sources */ = {isa = PBXBuildFile; fileRef = 5CC1B88F012FB8CD7F000001 /* readmidi.c */; };
		BE1FA94407AF96B2004B6283 /* resample.c in Sources */ = {isa = PBXBuildFile; fileRef = 5CC1B891012FB8CD7F000001 /* resample.c */; };
		BE1FA94507AF96B2004B6283 /* sdl_a.c in Sources */ = {isa = PBXBuildFile; fileRef = 5CC1B893012FB8CD7F000001 /* sdl_a.c */; };
		BE1FA94607AF96B2004B6283 /* sdl_c.c in Sources */ = {isa = PBXBuildFile; fileRef = 5CC1B894012FB8CD7F000001 /* sdl_c.c */; };
		BE1FA94707AF96B2004B6283 /* tables.c in Sources */ = {isa = PBXBuildFile; fileRef = 5CC1B895012FB8CD7F000001 /* tables.c */; };
		BE1FA94807AF96B2004B6283 /* timidity.c in Sources */ = {isa = PBXBuildFile; fileRef = 5CC1B897012FB8CD7F000001 /* timidity.c */; };
		BE1FA94907AF96B2004B6283 /* wavestream.c in Sources */ = {isa = PBXBuildFile; fileRef = 5CC1B89B012FB8CD7F000001 /* wavestream.c */; };
		BE1FA94A07AF96B2004B6283 /* effect_position.c in Sources */ = {isa = PBXBuildFile; fileRef = F567D63B01CD881401F3E8B9 /* effect_position.c */; };
		BE1FA94B07AF96B2004B6283 /* effect_stereoreverse.c in Sources */ = {isa = PBXBuildFile; fileRef = F567D63C01CD881401F3E8B9 /* effect_stereoreverse.c */; };
		BE1FA94C07AF96B2004B6283 /* effects_internal.c in Sources */ = {isa = PBXBuildFile; fileRef = F567D63D01CD881401F3E8B9 /* effects_internal.c */; };
		BE1FA94D07AF96B2004B6283 /* load_aiff.c in Sources */ = {isa = PBXBuildFile; fileRef = F567D64701CD88A701F3E8B9 /* load_aiff.c */; };
		BE1FA94E07AF96B2004B6283 /* load_voc.c in Sources */ = {isa = PBXBuildFile; fileRef = F567D64901CD88A701F3E8B9 /* load_voc.c */; };
		BE1FA94F07AF96B2004B6283 /* load_ogg.c in Sources */ = {isa = PBXBuildFile; fileRef = B2A42D0E03FAC6A400A8000A /* load_ogg.c */; };
/* End PBXBuildFile section */

/* Begin PBXContainerItemProxy section */
		009BF08F1068AE4D00D68177 /* PBXContainerItemProxy */ = {
			isa = PBXContainerItemProxy;
			containerPortal = 0867D690FE84028FC02AAC07 /* Project object */;
			proxyType = 1;
			remoteGlobalIDString = BE1FA8B407AF96B2004B6283;
			remoteInfo = Framework;
		};
/* End PBXContainerItemProxy section */

/* Begin PBXCopyFilesBuildPhase section */
		001D90F8108A2CB8006E367C /* Copy Frameworks */ = {
			isa = PBXCopyFilesBuildPhase;
			buildActionMask = 2147483647;
			dstPath = "";
			dstSubfolderSpec = 10;
			files = (
				AA9F7DB914B15D3300278D1E /* FLAC.framework in Copy Frameworks */,
				AA6021301765383B00662B9C /* modplug.framework in Copy Frameworks */,
				AA644290175AA7C900A2125A /* smpeg2.framework in Copy Frameworks */,
				AA9F7DBB14B15D4400278D1E /* Ogg.framework in Copy Frameworks */,
				AA9F7DBE14B15D5400278D1E /* Vorbis.framework in Copy Frameworks */,
			);
			name = "Copy Frameworks";
			runOnlyForDeploymentPostprocessing = 0;
		};
/* End PBXCopyFilesBuildPhase section */

/* Begin PBXFileReference section */
		00938E2B108A37800009CF19 /* load_flac.c */ = {isa = PBXFileReference; fileEncoding = 4; lastKnownFileType = sourcecode.c.c; name = load_flac.c; path = ../load_flac.c; sourceTree = SOURCE_ROOT; };
		00938E2C108A37800009CF19 /* load_flac.h */ = {isa = PBXFileReference; fileEncoding = 4; lastKnownFileType = sourcecode.c.h; name = load_flac.h; path = ../load_flac.h; sourceTree = SOURCE_ROOT; };
		00938E2D108A37800009CF19 /* music_flac.c */ = {isa = PBXFileReference; fileEncoding = 4; lastKnownFileType = sourcecode.c.c; name = music_flac.c; path = ../music_flac.c; sourceTree = SOURCE_ROOT; };
		00938E2E108A37800009CF19 /* music_flac.h */ = {isa = PBXFileReference; fileEncoding = 4; lastKnownFileType = sourcecode.c.h; name = music_flac.h; path = ../music_flac.h; sourceTree = SOURCE_ROOT; };
		00938E2F108A37800009CF19 /* music_mad.c */ = {isa = PBXFileReference; fileEncoding = 4; lastKnownFileType = sourcecode.c.c; name = music_mad.c; path = ../music_mad.c; sourceTree = SOURCE_ROOT; };
		00938E30108A37800009CF19 /* music_mad.h */ = {isa = PBXFileReference; fileEncoding = 4; lastKnownFileType = sourcecode.c.h; name = music_mad.h; path = ../music_mad.h; sourceTree = SOURCE_ROOT; };
		00938E31108A37800009CF19 /* music_mod.c */ = {isa = PBXFileReference; fileEncoding = 4; lastKnownFileType = sourcecode.c.c; name = music_mod.c; path = ../music_mod.c; sourceTree = SOURCE_ROOT; };
		00938E32108A37800009CF19 /* music_mod.h */ = {isa = PBXFileReference; fileEncoding = 4; lastKnownFileType = sourcecode.c.h; name = music_mod.h; path = ../music_mod.h; sourceTree = SOURCE_ROOT; };
		00938E49108A397A0009CF19 /* dynamic_flac.c */ = {isa = PBXFileReference; fileEncoding = 4; lastKnownFileType = sourcecode.c.c; name = dynamic_flac.c; path = ../dynamic_flac.c; sourceTree = SOURCE_ROOT; };
		00938E4A108A397A0009CF19 /* dynamic_flac.h */ = {isa = PBXFileReference; fileEncoding = 4; lastKnownFileType = sourcecode.c.h; name = dynamic_flac.h; path = ../dynamic_flac.h; sourceTree = SOURCE_ROOT; };
		00938E4B108A397A0009CF19 /* dynamic_mod.c */ = {isa = PBXFileReference; fileEncoding = 4; lastKnownFileType = sourcecode.c.c; name = dynamic_mod.c; path = ../dynamic_mod.c; sourceTree = SOURCE_ROOT; };
		00938E4C108A397A0009CF19 /* dynamic_mp3.h */ = {isa = PBXFileReference; fileEncoding = 4; lastKnownFileType = sourcecode.c.h; name = dynamic_mp3.h; path = ../dynamic_mp3.h; sourceTree = SOURCE_ROOT; };
		00938E4D108A397A0009CF19 /* dynamic_ogg.h */ = {isa = PBXFileReference; fileEncoding = 4; lastKnownFileType = sourcecode.c.h; name = dynamic_ogg.h; path = ../dynamic_ogg.h; sourceTree = SOURCE_ROOT; };
		0448E8AD108B937A00C9D3EA /* native_midi_macosx.c */ = {isa = PBXFileReference; fileEncoding = 4; lastKnownFileType = sourcecode.c.c; path = native_midi_macosx.c; sourceTree = "<group>"; };
		04939B4C17E607F70015E4E3 /* load_mp3.c */ = {isa = PBXFileReference; fileEncoding = 4; lastKnownFileType = sourcecode.c.c; name = load_mp3.c; path = ../load_mp3.c; sourceTree = "<group>"; };
		04939B4D17E607F70015E4E3 /* load_mp3.h */ = {isa = PBXFileReference; fileEncoding = 4; lastKnownFileType = sourcecode.c.h; name = load_mp3.h; path = ../load_mp3.h; sourceTree = "<group>"; };
		04A8FCA40A19CAEC0046373F /* dynamic_mp3.c */ = {isa = PBXFileReference; fileEncoding = 30; lastKnownFileType = sourcecode.c.c; name = dynamic_mp3.c; path = ../dynamic_mp3.c; sourceTree = SOURCE_ROOT; };
		04A8FCA90A19CB070046373F /* dynamic_ogg.c */ = {isa = PBXFileReference; fileEncoding = 30; lastKnownFileType = sourcecode.c.c; name = dynamic_ogg.c; path = ../dynamic_ogg.c; sourceTree = SOURCE_ROOT; };
		1014BAEA010A4B677F000001 /* SDL_mixer.h */ = {isa = PBXFileReference; fileEncoding = 30; lastKnownFileType = sourcecode.c.h; name = SDL_mixer.h; path = ../SDL_mixer.h; sourceTree = SOURCE_ROOT; };
		5CC1B879012FB8CD7F000001 /* mixer.c */ = {isa = PBXFileReference; fileEncoding = 30; lastKnownFileType = sourcecode.c.c; name = mixer.c; path = ../mixer.c; sourceTree = "<group>"; };
		5CC1B87A012FB8CD7F000001 /* music_cmd.c */ = {isa = PBXFileReference; fileEncoding = 30; lastKnownFileType = sourcecode.c.c; name = music_cmd.c; path = ../music_cmd.c; sourceTree = "<group>"; };
		5CC1B87B012FB8CD7F000001 /* music_cmd.h */ = {isa = PBXFileReference; fileEncoding = 30; lastKnownFileType = sourcecode.c.h; name = music_cmd.h; path = ../music_cmd.h; sourceTree = "<group>"; };
		5CC1B87C012FB8CD7F000001 /* music_ogg.c */ = {isa = PBXFileReference; fileEncoding = 30; lastKnownFileType = sourcecode.c.c; name = music_ogg.c; path = ../music_ogg.c; sourceTree = "<group>"; };
		5CC1B87D012FB8CD7F000001 /* music_ogg.h */ = {isa = PBXFileReference; fileEncoding = 30; lastKnownFileType = sourcecode.c.h; name = music_ogg.h; path = ../music_ogg.h; sourceTree = "<group>"; };
		5CC1B87E012FB8CD7F000001 /* music.c */ = {isa = PBXFileReference; fileEncoding = 30; lastKnownFileType = sourcecode.c.c; name = music.c; path = ../music.c; sourceTree = "<group>"; };
		5CC1B880012FB8CD7F000001 /* common.c */ = {isa = PBXFileReference; fileEncoding = 30; lastKnownFileType = sourcecode.c.c; path = common.c; sourceTree = "<group>"; };
		5CC1B881012FB8CD7F000001 /* common.h */ = {isa = PBXFileReference; fileEncoding = 30; lastKnownFileType = sourcecode.c.h; path = common.h; sourceTree = "<group>"; };
		5CC1B882012FB8CD7F000001 /* config.h */ = {isa = PBXFileReference; fileEncoding = 30; lastKnownFileType = sourcecode.c.h; path = config.h; sourceTree = "<group>"; };
		5CC1B883012FB8CD7F000001 /* ctrlmode.c */ = {isa = PBXFileReference; fileEncoding = 30; lastKnownFileType = sourcecode.c.c; path = ctrlmode.c; sourceTree = "<group>"; };
		5CC1B884012FB8CD7F000001 /* ctrlmode.h */ = {isa = PBXFileReference; fileEncoding = 30; lastKnownFileType = sourcecode.c.h; path = ctrlmode.h; sourceTree = "<group>"; };
		5CC1B885012FB8CD7F000001 /* filter.c */ = {isa = PBXFileReference; fileEncoding = 30; lastKnownFileType = sourcecode.c.c; path = filter.c; sourceTree = "<group>"; };
		5CC1B886012FB8CD7F000001 /* filter.h */ = {isa = PBXFileReference; fileEncoding = 30; lastKnownFileType = sourcecode.c.h; path = filter.h; sourceTree = "<group>"; };
		5CC1B887012FB8CD7F000001 /* instrum.c */ = {isa = PBXFileReference; fileEncoding = 30; lastKnownFileType = sourcecode.c.c; path = instrum.c; sourceTree = "<group>"; };
		5CC1B888012FB8CD7F000001 /* instrum.h */ = {isa = PBXFileReference; fileEncoding = 30; lastKnownFileType = sourcecode.c.h; path = instrum.h; sourceTree = "<group>"; };
		5CC1B889012FB8CD7F000001 /* mix.c */ = {isa = PBXFileReference; fileEncoding = 30; lastKnownFileType = sourcecode.c.c; path = mix.c; sourceTree = "<group>"; };
		5CC1B88A012FB8CD7F000001 /* mix.h */ = {isa = PBXFileReference; fileEncoding = 30; lastKnownFileType = sourcecode.c.h; path = mix.h; sourceTree = "<group>"; };
		5CC1B88B012FB8CD7F000001 /* output.c */ = {isa = PBXFileReference; fileEncoding = 30; lastKnownFileType = sourcecode.c.c; path = output.c; sourceTree = "<group>"; };
		5CC1B88C012FB8CD7F000001 /* output.h */ = {isa = PBXFileReference; fileEncoding = 30; lastKnownFileType = sourcecode.c.h; path = output.h; sourceTree = "<group>"; };
		5CC1B88D012FB8CD7F000001 /* playmidi.c */ = {isa = PBXFileReference; fileEncoding = 30; lastKnownFileType = sourcecode.c.c; path = playmidi.c; sourceTree = "<group>"; };
		5CC1B88E012FB8CD7F000001 /* playmidi.h */ = {isa = PBXFileReference; fileEncoding = 30; lastKnownFileType = sourcecode.c.h; path = playmidi.h; sourceTree = "<group>"; };
		5CC1B88F012FB8CD7F000001 /* readmidi.c */ = {isa = PBXFileReference; fileEncoding = 30; lastKnownFileType = sourcecode.c.c; path = readmidi.c; sourceTree = "<group>"; };
		5CC1B890012FB8CD7F000001 /* readmidi.h */ = {isa = PBXFileReference; fileEncoding = 30; lastKnownFileType = sourcecode.c.h; path = readmidi.h; sourceTree = "<group>"; };
		5CC1B891012FB8CD7F000001 /* resample.c */ = {isa = PBXFileReference; fileEncoding = 30; lastKnownFileType = sourcecode.c.c; path = resample.c; sourceTree = "<group>"; };
		5CC1B892012FB8CD7F000001 /* resample.h */ = {isa = PBXFileReference; fileEncoding = 30; lastKnownFileType = sourcecode.c.h; path = resample.h; sourceTree = "<group>"; };
		5CC1B893012FB8CD7F000001 /* sdl_a.c */ = {isa = PBXFileReference; fileEncoding = 30; lastKnownFileType = sourcecode.c.c; path = sdl_a.c; sourceTree = "<group>"; };
		5CC1B894012FB8CD7F000001 /* sdl_c.c */ = {isa = PBXFileReference; fileEncoding = 30; lastKnownFileType = sourcecode.c.c; path = sdl_c.c; sourceTree = "<group>"; };
		5CC1B895012FB8CD7F000001 /* tables.c */ = {isa = PBXFileReference; fileEncoding = 30; lastKnownFileType = sourcecode.c.c; path = tables.c; sourceTree = "<group>"; };
		5CC1B896012FB8CD7F000001 /* tables.h */ = {isa = PBXFileReference; fileEncoding = 30; lastKnownFileType = sourcecode.c.h; path = tables.h; sourceTree = "<group>"; };
		5CC1B897012FB8CD7F000001 /* timidity.c */ = {isa = PBXFileReference; fileEncoding = 30; lastKnownFileType = sourcecode.c.c; path = timidity.c; sourceTree = "<group>"; };
		5CC1B898012FB8CD7F000001 /* timidity.h */ = {isa = PBXFileReference; fileEncoding = 30; lastKnownFileType = sourcecode.c.h; path = timidity.h; sourceTree = "<group>"; };
		5CC1B89B012FB8CD7F000001 /* wavestream.c */ = {isa = PBXFileReference; fileEncoding = 30; lastKnownFileType = sourcecode.c.c; name = wavestream.c; path = ../wavestream.c; sourceTree = "<group>"; };
		5CC1B89C012FB8CD7F000001 /* wavestream.h */ = {isa = PBXFileReference; fileEncoding = 30; lastKnownFileType = sourcecode.c.h; name = wavestream.h; path = ../wavestream.h; sourceTree = "<group>"; };
		AA60212F1765382200662B9C /* modplug.framework */ = {isa = PBXFileReference; lastKnownFileType = wrapper.framework; name = modplug.framework; path = Frameworks/modplug.framework; sourceTree = "<group>"; };
		AA602131176538EB00662B9C /* dynamic_fluidsynth.c */ = {isa = PBXFileReference; fileEncoding = 4; lastKnownFileType = sourcecode.c.c; name = dynamic_fluidsynth.c; path = ../dynamic_fluidsynth.c; sourceTree = "<group>"; };
		AA602132176538EB00662B9C /* dynamic_fluidsynth.h */ = {isa = PBXFileReference; fileEncoding = 4; lastKnownFileType = sourcecode.c.h; name = dynamic_fluidsynth.h; path = ../dynamic_fluidsynth.h; sourceTree = "<group>"; };
		AA602133176538EB00662B9C /* dynamic_mod.h */ = {isa = PBXFileReference; fileEncoding = 4; lastKnownFileType = sourcecode.c.h; name = dynamic_mod.h; path = ../dynamic_mod.h; sourceTree = "<group>"; };
		AA602134176538EB00662B9C /* dynamic_modplug.c */ = {isa = PBXFileReference; fileEncoding = 4; lastKnownFileType = sourcecode.c.c; name = dynamic_modplug.c; path = ../dynamic_modplug.c; sourceTree = "<group>"; };
		AA602135176538EB00662B9C /* dynamic_modplug.h */ = {isa = PBXFileReference; fileEncoding = 4; lastKnownFileType = sourcecode.c.h; name = dynamic_modplug.h; path = ../dynamic_modplug.h; sourceTree = "<group>"; };
		AA602136176538EB00662B9C /* fluidsynth.c */ = {isa = PBXFileReference; fileEncoding = 4; lastKnownFileType = sourcecode.c.c; name = fluidsynth.c; path = ../fluidsynth.c; sourceTree = "<group>"; };
		AA602137176538EB00662B9C /* fluidsynth.h */ = {isa = PBXFileReference; fileEncoding = 4; lastKnownFileType = sourcecode.c.h; name = fluidsynth.h; path = ../fluidsynth.h; sourceTree = "<group>"; };
		AA602138176538EB00662B9C /* music_modplug.c */ = {isa = PBXFileReference; fileEncoding = 4; lastKnownFileType = sourcecode.c.c; name = music_modplug.c; path = ../music_modplug.c; sourceTree = "<group>"; };
		AA602139176538EB00662B9C /* music_modplug.h */ = {isa = PBXFileReference; fileEncoding = 4; lastKnownFileType = sourcecode.c.h; name = music_modplug.h; path = ../music_modplug.h; sourceTree = "<group>"; };
		AA64428E175AA7A500A2125A /* smpeg2.framework */ = {isa = PBXFileReference; lastKnownFileType = wrapper.framework; name = smpeg2.framework; path = Frameworks/smpeg2.framework; sourceTree = "<group>"; };
		AA6442D0175B181300A2125A /* AudioToolbox.framework */ = {isa = PBXFileReference; lastKnownFileType = wrapper.framework; name = AudioToolbox.framework; path = System/Library/Frameworks/AudioToolbox.framework; sourceTree = SDKROOT; };
		AA6442D2175B181D00A2125A /* AudioUnit.framework */ = {isa = PBXFileReference; lastKnownFileType = wrapper.framework; name = AudioUnit.framework; path = System/Library/Frameworks/AudioUnit.framework; sourceTree = SDKROOT; };
		AA6442D4175B185800A2125A /* CoreServices.framework */ = {isa = PBXFileReference; lastKnownFileType = wrapper.framework; name = CoreServices.framework; path = System/Library/Frameworks/CoreServices.framework; sourceTree = SDKROOT; };
		AA9F7DB314B15ADC00278D1E /* Ogg.framework */ = {isa = PBXFileReference; lastKnownFileType = wrapper.framework; name = Ogg.framework; path = Frameworks/Ogg.framework; sourceTree = "<group>"; };
		AA9F7DB414B15ADC00278D1E /* Vorbis.framework */ = {isa = PBXFileReference; lastKnownFileType = wrapper.framework; name = Vorbis.framework; path = Frameworks/Vorbis.framework; sourceTree = "<group>"; };
		AA9F7DB714B15AE700278D1E /* FLAC.framework */ = {isa = PBXFileReference; lastKnownFileType = wrapper.framework; name = FLAC.framework; path = Frameworks/FLAC.framework; sourceTree = "<group>"; };
		B2A42D0E03FAC6A400A8000A /* load_ogg.c */ = {isa = PBXFileReference; fileEncoding = 30; lastKnownFileType = sourcecode.c.c; name = load_ogg.c; path = ../load_ogg.c; sourceTree = SOURCE_ROOT; };
		B2A42D0F03FAC6A400A8000A /* load_ogg.h */ = {isa = PBXFileReference; fileEncoding = 30; lastKnownFileType = sourcecode.c.h; name = load_ogg.h; path = ../load_ogg.h; sourceTree = SOURCE_ROOT; };
		BE1FA8AE07AF95F7004B6283 /* SDL2.framework */ = {isa = PBXFileReference; lastKnownFileType = wrapper.framework; name = SDL2.framework; path = /Library/Frameworks/SDL2.framework; sourceTree = "<absolute>"; };
		BE1FA90507AF96B2004B6283 /* Info-Framework.plist */ = {isa = PBXFileReference; lastKnownFileType = text.plist.xml; path = "Info-Framework.plist"; sourceTree = "<group>"; };
		BE1FA90607AF96B2004B6283 /* SDL2_mixer.framework */ = {isa = PBXFileReference; explicitFileType = wrapper.framework; includeInIndex = 0; path = SDL2_mixer.framework; sourceTree = BUILT_PRODUCTS_DIR; };
		BE1FA95407AF96B2004B6283 /* libSDL2_mixer.a */ = {isa = PBXFileReference; explicitFileType = archive.ar; includeInIndex = 0; path = libSDL2_mixer.a; sourceTree = BUILT_PRODUCTS_DIR; };
		BE1FA95807AF96B3004B6283 /* Create DMG */ = {isa = PBXFileReference; explicitFileType = "compiled.mach-o.executable"; includeInIndex = 0; path = "Create DMG"; sourceTree = BUILT_PRODUCTS_DIR; };
		F51BFB0101F724BE01D3D55B /* native_midi.h */ = {isa = PBXFileReference; fileEncoding = 30; lastKnownFileType = sourcecode.c.h; path = native_midi.h; sourceTree = "<group>"; };
		F567D63B01CD881401F3E8B9 /* effect_position.c */ = {isa = PBXFileReference; fileEncoding = 30; lastKnownFileType = sourcecode.c.c; name = effect_position.c; path = ../effect_position.c; sourceTree = SOURCE_ROOT; };
		F567D63C01CD881401F3E8B9 /* effect_stereoreverse.c */ = {isa = PBXFileReference; fileEncoding = 30; lastKnownFileType = sourcecode.c.c; name = effect_stereoreverse.c; path = ../effect_stereoreverse.c; sourceTree = SOURCE_ROOT; };
		F567D63D01CD881401F3E8B9 /* effects_internal.c */ = {isa = PBXFileReference; fileEncoding = 30; lastKnownFileType = sourcecode.c.c; name = effects_internal.c; path = ../effects_internal.c; sourceTree = SOURCE_ROOT; };
		F567D63E01CD881401F3E8B9 /* effects_internal.h */ = {isa = PBXFileReference; fileEncoding = 30; lastKnownFileType = sourcecode.c.h; name = effects_internal.h; path = ../effects_internal.h; sourceTree = SOURCE_ROOT; };
		F567D64701CD88A701F3E8B9 /* load_aiff.c */ = {isa = PBXFileReference; fileEncoding = 30; lastKnownFileType = sourcecode.c.c; name = load_aiff.c; path = ../load_aiff.c; sourceTree = SOURCE_ROOT; };
		F567D64801CD88A701F3E8B9 /* load_aiff.h */ = {isa = PBXFileReference; fileEncoding = 30; lastKnownFileType = sourcecode.c.h; name = load_aiff.h; path = ../load_aiff.h; sourceTree = SOURCE_ROOT; };
		F567D64901CD88A701F3E8B9 /* load_voc.c */ = {isa = PBXFileReference; fileEncoding = 30; lastKnownFileType = sourcecode.c.c; name = load_voc.c; path = ../load_voc.c; sourceTree = SOURCE_ROOT; };
		F567D64A01CD88A701F3E8B9 /* load_voc.h */ = {isa = PBXFileReference; fileEncoding = 30; lastKnownFileType = sourcecode.c.h; name = load_voc.h; path = ../load_voc.h; sourceTree = SOURCE_ROOT; };
		F59C710300D5CB5801000001 /* ReadMe.txt */ = {isa = PBXFileReference; fileEncoding = 30; lastKnownFileType = text; path = ReadMe.txt; sourceTree = "<group>"; };
		F59C710400D5CB5801000001 /* Welcome.txt */ = {isa = PBXFileReference; fileEncoding = 30; lastKnownFileType = text; path = Welcome.txt; sourceTree = "<group>"; };
		F59C710600D5CB5801000001 /* SDL_mixer.info */ = {isa = PBXFileReference; fileEncoding = 30; lastKnownFileType = text; path = SDL_mixer.info; sourceTree = "<group>"; };
/* End PBXFileReference section */

/* Begin PBXFrameworksBuildPhase section */
		BE1FA90107AF96B2004B6283 /* Frameworks */ = {
			isa = PBXFrameworksBuildPhase;
			buildActionMask = 2147483647;
			files = (
				AA6442D3175B181D00A2125A /* AudioUnit.framework in Frameworks */,
				AA6442D1175B181300A2125A /* AudioToolbox.framework in Frameworks */,
				AA6442D5175B185800A2125A /* CoreServices.framework in Frameworks */,
				BE1FA90207AF96B2004B6283 /* SDL2.framework in Frameworks */,
			);
			runOnlyForDeploymentPostprocessing = 0;
		};
		BE1FA95207AF96B2004B6283 /* Frameworks */ = {
			isa = PBXFrameworksBuildPhase;
			buildActionMask = 2147483647;
			files = (
			);
			runOnlyForDeploymentPostprocessing = 0;
		};
/* End PBXFrameworksBuildPhase section */

/* Begin PBXGroup section */
		0153844A006D81B07F000001 /* Public Headers */ = {
			isa = PBXGroup;
			children = (
				1014BAEA010A4B677F000001 /* SDL_mixer.h */,
			);
			name = "Public Headers";
			sourceTree = "<group>";
		};
		034768DDFF38A45A11DB9C8B /* Products */ = {
			isa = PBXGroup;
			children = (
				089C1665FE841158C02AAC07 /* Resources */,
				BE1FA90607AF96B2004B6283 /* SDL2_mixer.framework */,
				BE1FA95407AF96B2004B6283 /* libSDL2_mixer.a */,
				BE1FA95807AF96B3004B6283 /* Create DMG */,
			);
			name = Products;
			sourceTree = "<group>";
		};
		0867D691FE84028FC02AAC07 /* SDL_mixerFramework */ = {
			isa = PBXGroup;
			children = (
				F59C70FC00D5CB5801000001 /* pkg-support */,
				0153844A006D81B07F000001 /* Public Headers */,
				08FB77ACFE841707C02AAC07 /* Library Source */,
				BE1FA8AC07AF95D4004B6283 /* Frameworks */,
				034768DDFF38A45A11DB9C8B /* Products */,
				BE1FA90507AF96B2004B6283 /* Info-Framework.plist */,
			);
			name = SDL_mixerFramework;
			sourceTree = "<group>";
		};
		089C1665FE841158C02AAC07 /* Resources */ = {
			isa = PBXGroup;
			children = (
			);
			name = Resources;
			sourceTree = "<group>";
		};
		08FB77ACFE841707C02AAC07 /* Library Source */ = {
			isa = PBXGroup;
			children = (
				F51BFAFD01F724BE01D3D55B /* native_midi */,
				5CC1B87F012FB8CD7F000001 /* timidity */,
				00938E49108A397A0009CF19 /* dynamic_flac.c */,
				00938E4A108A397A0009CF19 /* dynamic_flac.h */,
				AA602131176538EB00662B9C /* dynamic_fluidsynth.c */,
				AA602132176538EB00662B9C /* dynamic_fluidsynth.h */,
				00938E4B108A397A0009CF19 /* dynamic_mod.c */,
				AA602133176538EB00662B9C /* dynamic_mod.h */,
				AA602134176538EB00662B9C /* dynamic_modplug.c */,
				AA602135176538EB00662B9C /* dynamic_modplug.h */,
				04A8FCA40A19CAEC0046373F /* dynamic_mp3.c */,
				00938E4C108A397A0009CF19 /* dynamic_mp3.h */,
				04A8FCA90A19CB070046373F /* dynamic_ogg.c */,
				00938E4D108A397A0009CF19 /* dynamic_ogg.h */,
				F567D63B01CD881401F3E8B9 /* effect_position.c */,
				F567D63C01CD881401F3E8B9 /* effect_stereoreverse.c */,
				F567D63D01CD881401F3E8B9 /* effects_internal.c */,
				F567D63E01CD881401F3E8B9 /* effects_internal.h */,
				AA602136176538EB00662B9C /* fluidsynth.c */,
				AA602137176538EB00662B9C /* fluidsynth.h */,
				F567D64701CD88A701F3E8B9 /* load_aiff.c */,
				F567D64801CD88A701F3E8B9 /* load_aiff.h */,
				00938E2B108A37800009CF19 /* load_flac.c */,
				00938E2C108A37800009CF19 /* load_flac.h */,
				04939B4C17E607F70015E4E3 /* load_mp3.c */,
				04939B4D17E607F70015E4E3 /* load_mp3.h */,
				B2A42D0E03FAC6A400A8000A /* load_ogg.c */,
				B2A42D0F03FAC6A400A8000A /* load_ogg.h */,
				F567D64901CD88A701F3E8B9 /* load_voc.c */,
				F567D64A01CD88A701F3E8B9 /* load_voc.h */,
				5CC1B879012FB8CD7F000001 /* mixer.c */,
				5CC1B87E012FB8CD7F000001 /* music.c */,
				5CC1B87A012FB8CD7F000001 /* music_cmd.c */,
				5CC1B87B012FB8CD7F000001 /* music_cmd.h */,
				00938E2D108A37800009CF19 /* music_flac.c */,
				00938E2E108A37800009CF19 /* music_flac.h */,
				00938E2F108A37800009CF19 /* music_mad.c */,
				00938E30108A37800009CF19 /* music_mad.h */,
				00938E31108A37800009CF19 /* music_mod.c */,
				00938E32108A37800009CF19 /* music_mod.h */,
				AA602138176538EB00662B9C /* music_modplug.c */,
				AA602139176538EB00662B9C /* music_modplug.h */,
				5CC1B87C012FB8CD7F000001 /* music_ogg.c */,
				5CC1B87D012FB8CD7F000001 /* music_ogg.h */,
				5CC1B89B012FB8CD7F000001 /* wavestream.c */,
				5CC1B89C012FB8CD7F000001 /* wavestream.h */,
			);
			name = "Library Source";
			sourceTree = "<group>";
		};
		5CC1B87F012FB8CD7F000001 /* timidity */ = {
			isa = PBXGroup;
			children = (
				5CC1B880012FB8CD7F000001 /* common.c */,
				5CC1B881012FB8CD7F000001 /* common.h */,
				5CC1B882012FB8CD7F000001 /* config.h */,
				5CC1B883012FB8CD7F000001 /* ctrlmode.c */,
				5CC1B884012FB8CD7F000001 /* ctrlmode.h */,
				5CC1B885012FB8CD7F000001 /* filter.c */,
				5CC1B886012FB8CD7F000001 /* filter.h */,
				5CC1B887012FB8CD7F000001 /* instrum.c */,
				5CC1B888012FB8CD7F000001 /* instrum.h */,
				5CC1B889012FB8CD7F000001 /* mix.c */,
				5CC1B88A012FB8CD7F000001 /* mix.h */,
				5CC1B88B012FB8CD7F000001 /* output.c */,
				5CC1B88C012FB8CD7F000001 /* output.h */,
				5CC1B88D012FB8CD7F000001 /* playmidi.c */,
				5CC1B88E012FB8CD7F000001 /* playmidi.h */,
				5CC1B88F012FB8CD7F000001 /* readmidi.c */,
				5CC1B890012FB8CD7F000001 /* readmidi.h */,
				5CC1B891012FB8CD7F000001 /* resample.c */,
				5CC1B892012FB8CD7F000001 /* resample.h */,
				5CC1B893012FB8CD7F000001 /* sdl_a.c */,
				5CC1B894012FB8CD7F000001 /* sdl_c.c */,
				5CC1B895012FB8CD7F000001 /* tables.c */,
				5CC1B896012FB8CD7F000001 /* tables.h */,
				5CC1B897012FB8CD7F000001 /* timidity.c */,
				5CC1B898012FB8CD7F000001 /* timidity.h */,
			);
			name = timidity;
			path = ../timidity;
			sourceTree = "<group>";
		};
		BE1FA8AC07AF95D4004B6283 /* Frameworks */ = {
			isa = PBXGroup;
			children = (
				BE1FA8AD07AF95DC004B6283 /* Linked Frameworks */,
			);
			name = Frameworks;
			sourceTree = "<group>";
		};
		BE1FA8AD07AF95DC004B6283 /* Linked Frameworks */ = {
			isa = PBXGroup;
			children = (
				AA6442D0175B181300A2125A /* AudioToolbox.framework */,
				AA6442D2175B181D00A2125A /* AudioUnit.framework */,
				AA6442D4175B185800A2125A /* CoreServices.framework */,
				AA9F7DB714B15AE700278D1E /* FLAC.framework */,
				AA60212F1765382200662B9C /* modplug.framework */,
				AA9F7DB314B15ADC00278D1E /* Ogg.framework */,
				BE1FA8AE07AF95F7004B6283 /* SDL2.framework */,
				AA64428E175AA7A500A2125A /* smpeg2.framework */,
				AA9F7DB414B15ADC00278D1E /* Vorbis.framework */,
			);
			name = "Linked Frameworks";
			sourceTree = "<group>";
		};
		F51BFAFD01F724BE01D3D55B /* native_midi */ = {
			isa = PBXGroup;
			children = (
				0448E8AD108B937A00C9D3EA /* native_midi_macosx.c */,
				F51BFB0101F724BE01D3D55B /* native_midi.h */,
			);
			name = native_midi;
			path = ../native_midi;
			sourceTree = SOURCE_ROOT;
		};
		F59C70FC00D5CB5801000001 /* pkg-support */ = {
			isa = PBXGroup;
			children = (
				F59C710100D5CB5801000001 /* resources */,
				F59C710600D5CB5801000001 /* SDL_mixer.info */,
			);
			path = "pkg-support";
			sourceTree = SOURCE_ROOT;
		};
		F59C710100D5CB5801000001 /* resources */ = {
			isa = PBXGroup;
			children = (
				F59C710300D5CB5801000001 /* ReadMe.txt */,
				F59C710400D5CB5801000001 /* Welcome.txt */,
			);
			path = resources;
			sourceTree = "<group>";
		};
/* End PBXGroup section */

/* Begin PBXHeadersBuildPhase section */
		BE1FA8B507AF96B2004B6283 /* Headers */ = {
			isa = PBXHeadersBuildPhase;
			buildActionMask = 2147483647;
			files = (
				BE1FA8B907AF96B2004B6283 /* music_cmd.h in Headers */,
				BE1FA8BA07AF96B2004B6283 /* music_ogg.h in Headers */,
				BE1FA8BB07AF96B2004B6283 /* common.h in Headers */,
				BE1FA8BC07AF96B2004B6283 /* config.h in Headers */,
				BE1FA8BD07AF96B2004B6283 /* ctrlmode.h in Headers */,
				BE1FA8BE07AF96B2004B6283 /* filter.h in Headers */,
				BE1FA8BF07AF96B2004B6283 /* instrum.h in Headers */,
				BE1FA8C007AF96B2004B6283 /* mix.h in Headers */,
				BE1FA8C107AF96B2004B6283 /* output.h in Headers */,
				BE1FA8C207AF96B2004B6283 /* playmidi.h in Headers */,
				BE1FA8C307AF96B2004B6283 /* readmidi.h in Headers */,
				BE1FA8C407AF96B2004B6283 /* resample.h in Headers */,
				BE1FA8C507AF96B2004B6283 /* tables.h in Headers */,
				BE1FA8C607AF96B2004B6283 /* timidity.h in Headers */,
				BE1FA8C707AF96B2004B6283 /* wavestream.h in Headers */,
				BE1FA8C807AF96B2004B6283 /* effects_internal.h in Headers */,
				BE1FA8C907AF96B2004B6283 /* load_aiff.h in Headers */,
				BE1FA8CA07AF96B2004B6283 /* load_voc.h in Headers */,
				BE1FA8CD07AF96B2004B6283 /* SDL_mixer.h in Headers */,
				BE1FA8CE07AF96B2004B6283 /* load_ogg.h in Headers */,
				00938E34108A37800009CF19 /* load_flac.h in Headers */,
				00938E36108A37800009CF19 /* music_flac.h in Headers */,
				00938E38108A37800009CF19 /* music_mad.h in Headers */,
				00938E3A108A37800009CF19 /* music_mod.h in Headers */,
				00938E4F108A397A0009CF19 /* dynamic_flac.h in Headers */,
				00938E51108A397A0009CF19 /* dynamic_mp3.h in Headers */,
				00938E52108A397A0009CF19 /* dynamic_ogg.h in Headers */,
				AA60213C176538EB00662B9C /* dynamic_fluidsynth.h in Headers */,
				AA60213E176538EB00662B9C /* dynamic_mod.h in Headers */,
				AA602142176538EB00662B9C /* dynamic_modplug.h in Headers */,
				AA602146176538EB00662B9C /* fluidsynth.h in Headers */,
				AA60214A176538EB00662B9C /* music_modplug.h in Headers */,
				04939B5017E607F70015E4E3 /* load_mp3.h in Headers */,
			);
			runOnlyForDeploymentPostprocessing = 0;
		};
		BE1FA90807AF96B2004B6283 /* Headers */ = {
			isa = PBXHeadersBuildPhase;
			buildActionMask = 2147483647;
			files = (
				BE1FA90C07AF96B2004B6283 /* music_cmd.h in Headers */,
				BE1FA90D07AF96B2004B6283 /* music_ogg.h in Headers */,
				BE1FA90E07AF96B2004B6283 /* common.h in Headers */,
				BE1FA90F07AF96B2004B6283 /* config.h in Headers */,
				BE1FA91007AF96B2004B6283 /* ctrlmode.h in Headers */,
				BE1FA91107AF96B2004B6283 /* filter.h in Headers */,
				BE1FA91207AF96B2004B6283 /* instrum.h in Headers */,
				BE1FA91307AF96B2004B6283 /* mix.h in Headers */,
				BE1FA91407AF96B2004B6283 /* output.h in Headers */,
				BE1FA91507AF96B2004B6283 /* playmidi.h in Headers */,
				BE1FA91607AF96B2004B6283 /* readmidi.h in Headers */,
				BE1FA91707AF96B2004B6283 /* resample.h in Headers */,
				BE1FA91807AF96B2004B6283 /* tables.h in Headers */,
				BE1FA91907AF96B2004B6283 /* timidity.h in Headers */,
				BE1FA91A07AF96B2004B6283 /* wavestream.h in Headers */,
				BE1FA91B07AF96B2004B6283 /* effects_internal.h in Headers */,
				BE1FA91C07AF96B2004B6283 /* load_aiff.h in Headers */,
				BE1FA91D07AF96B2004B6283 /* load_voc.h in Headers */,
				BE1FA91E07AF96B2004B6283 /* load_ogg.h in Headers */,
				00938E54108A397A0009CF19 /* dynamic_flac.h in Headers */,
				00938E56108A397A0009CF19 /* dynamic_mp3.h in Headers */,
				00938E57108A397A0009CF19 /* dynamic_ogg.h in Headers */,
				AA60213D176538EB00662B9C /* dynamic_fluidsynth.h in Headers */,
				AA60213F176538EB00662B9C /* dynamic_mod.h in Headers */,
				AA602143176538EB00662B9C /* dynamic_modplug.h in Headers */,
				AA602147176538EB00662B9C /* fluidsynth.h in Headers */,
				AA60214B176538EB00662B9C /* music_modplug.h in Headers */,
				04939B5117E607F70015E4E3 /* load_mp3.h in Headers */,
			);
			runOnlyForDeploymentPostprocessing = 0;
		};
/* End PBXHeadersBuildPhase section */

/* Begin PBXNativeTarget section */
		BE1FA8B407AF96B2004B6283 /* Framework */ = {
			isa = PBXNativeTarget;
			buildConfigurationList = 00B7E48B097EC6B300826121 /* Build configuration list for PBXNativeTarget "Framework" */;
			buildPhases = (
				BE1FA8B507AF96B2004B6283 /* Headers */,
				BE1FA8CF07AF96B2004B6283 /* Resources */,
				BE1FA8D007AF96B2004B6283 /* Sources */,
				BE1FA90107AF96B2004B6283 /* Frameworks */,
				BE1FA90307AF96B2004B6283 /* Rez */,
				001D90F8108A2CB8006E367C /* Copy Frameworks */,
				00938F15108A50740009CF19 /* Create Frameworks symlink */,
				AA9F7D9714B143C700278D1E /* Convert SDL includes to SDL Framework includes */,
			);
			buildRules = (
			);
			comments = "Installed into ~/Library/Frameworks/SDL_mixer.framework\n\nAdd -framework SDL_mixer to your linker flags\nAdd ~/Library/Frameworks/SDL_mixer.framework/Headers to your header search path\nAdd ~/Library/Frameworks to your library search path";
			dependencies = (
			);
			name = Framework;
			productInstallPath = "@executable_path/../Frameworks";
			productName = SDL_mixer;
			productReference = BE1FA90607AF96B2004B6283 /* SDL2_mixer.framework */;
			productType = "com.apple.product-type.framework";
		};
		BE1FA90707AF96B2004B6283 /* Static Library */ = {
			isa = PBXNativeTarget;
			buildConfigurationList = 00B7E48F097EC6B300826121 /* Build configuration list for PBXNativeTarget "Static Library" */;
			buildPhases = (
				BE1FA90807AF96B2004B6283 /* Headers */,
				BE1FA92107AF96B2004B6283 /* Sources */,
				BE1FA95207AF96B2004B6283 /* Frameworks */,
				BE1FA95307AF96B2004B6283 /* Rez */,
			);
			buildRules = (
			);
			dependencies = (
			);
			name = "Static Library";
			productInstallPath = /usr/local/lib;
			productName = "Static Library";
			productReference = BE1FA95407AF96B2004B6283 /* libSDL2_mixer.a */;
			productType = "com.apple.product-type.library.static";
		};
		BE1FA95507AF96B2004B6283 /* Create DMG */ = {
			isa = PBXNativeTarget;
			buildConfigurationList = 00B7E493097EC6B300826121 /* Build configuration list for PBXNativeTarget "Create DMG" */;
			buildPhases = (
				BE1FA95707AF96B2004B6283 /* ShellScript */,
			);
			buildRules = (
			);
			dependencies = (
				009BF0901068AE4D00D68177 /* PBXTargetDependency */,
			);
			name = "Create DMG";
			productInstallPath = /usr/local/bin;
			productName = "Standard Package";
			productReference = BE1FA95807AF96B3004B6283 /* Create DMG */;
			productType = "com.apple.product-type.tool";
		};
/* End PBXNativeTarget section */

/* Begin PBXProject section */
		0867D690FE84028FC02AAC07 /* Project object */ = {
			isa = PBXProject;
			attributes = {
				LastUpgradeCheck = 0630;
			};
			buildConfigurationList = 00B7E497097EC6B300826121 /* Build configuration list for PBXProject "SDL_mixer" */;
			compatibilityVersion = "Xcode 3.2";
			developmentRegion = English;
			hasScannedForEncodings = 1;
			knownRegions = (
				en,
			);
			mainGroup = 0867D691FE84028FC02AAC07 /* SDL_mixerFramework */;
			productRefGroup = 034768DDFF38A45A11DB9C8B /* Products */;
			projectDirPath = "";
			projectRoot = "";
			targets = (
				BE1FA8B407AF96B2004B6283 /* Framework */,
				BE1FA90707AF96B2004B6283 /* Static Library */,
				BE1FA95507AF96B2004B6283 /* Create DMG */,
			);
		};
/* End PBXProject section */

/* Begin PBXResourcesBuildPhase section */
		BE1FA8CF07AF96B2004B6283 /* Resources */ = {
			isa = PBXResourcesBuildPhase;
			buildActionMask = 2147483647;
			files = (
			);
			runOnlyForDeploymentPostprocessing = 0;
		};
/* End PBXResourcesBuildPhase section */

/* Begin PBXRezBuildPhase section */
		BE1FA90307AF96B2004B6283 /* Rez */ = {
			isa = PBXRezBuildPhase;
			buildActionMask = 2147483647;
			files = (
			);
			runOnlyForDeploymentPostprocessing = 0;
		};
		BE1FA95307AF96B2004B6283 /* Rez */ = {
			isa = PBXRezBuildPhase;
			buildActionMask = 2147483647;
			files = (
			);
			runOnlyForDeploymentPostprocessing = 0;
		};
/* End PBXRezBuildPhase section */

/* Begin PBXShellScriptBuildPhase section */
		00938F15108A50740009CF19 /* Create Frameworks symlink */ = {
			isa = PBXShellScriptBuildPhase;
			buildActionMask = 2147483647;
			files = (
			);
			inputPaths = (
			);
			name = "Create Frameworks symlink";
			outputPaths = (
			);
			runOnlyForDeploymentPostprocessing = 0;
			shellPath = /bin/sh;
			shellScript = "cd $SYMROOT/$CONFIGURATION/$FULL_PRODUCT_NAME\nif ! [ -L Frameworks ]; then\n    rm -f Frameworks\n    ln -s Versions/Current/Frameworks Frameworks\nfi";
		};
		AA9F7D9714B143C700278D1E /* Convert SDL includes to SDL Framework includes */ = {
			isa = PBXShellScriptBuildPhase;
			buildActionMask = 2147483647;
			files = (
			);
			inputPaths = (
			);
			name = "Convert SDL includes to SDL Framework includes";
			outputPaths = (
			);
			runOnlyForDeploymentPostprocessing = 0;
			shellPath = /bin/sh;
			shellScript = "cd $SYMROOT/$CONFIGURATION/$PUBLIC_HEADERS_FOLDER_PATH\nHEADER=SDL_mixer.h\nsed 's,#include \"\\(.*\\)\",#include <SDL2/\\1>,' <$HEADER >$HEADER.new\nmv $HEADER.new $HEADER";
		};
		BE1FA95707AF96B2004B6283 /* ShellScript */ = {
			isa = PBXShellScriptBuildPhase;
			buildActionMask = 12;
			files = (
			);
			runOnlyForDeploymentPostprocessing = 0;
			shellPath = /bin/sh;
			shellScript = "PRODUCT_NAME=SDL2_mixer\n\n# Sign framework\nif [ \"$SDL_CODESIGN_IDENTITY\" != \"\" ]; then\n    codesign --force --deep --sign \"$SDL_CODESIGN_IDENTITY\" $TARGET_BUILD_DIR/$PRODUCT_NAME.framework/Versions/A\nfi\n\n# clean up the framework, remove headers, extra files\nmkdir -p build/dmg-tmp\nxcrun CpMac -r $TARGET_BUILD_DIR/$PRODUCT_NAME.framework build/dmg-tmp/\ncp pkg-support/resources/ReadMe.txt build/dmg-tmp\n\n# remove the .DS_Store files if any (we may want to provide one in the future for fancy .dmgs)\nrm -rf build/dmg-tmp/.DS_Store\n\n# create the dmg\nhdiutil create -ov -fs HFS+ -volname $PRODUCT_NAME -srcfolder build/dmg-tmp build/$PRODUCT_NAME.dmg\n\n# clean up\nrm -rf build/dmg-tmp";
		};
/* End PBXShellScriptBuildPhase section */

/* Begin PBXSourcesBuildPhase section */
		BE1FA8D007AF96B2004B6283 /* Sources */ = {
			isa = PBXSourcesBuildPhase;
			buildActionMask = 2147483647;
			files = (
				BE1FA8E707AF96B2004B6283 /* mixer.c in Sources */,
				BE1FA8E807AF96B2004B6283 /* music_cmd.c in Sources */,
				BE1FA8E907AF96B2004B6283 /* music_ogg.c in Sources */,
				BE1FA8EA07AF96B2004B6283 /* music.c in Sources */,
				BE1FA8EB07AF96B2004B6283 /* common.c in Sources */,
				BE1FA8EC07AF96B2004B6283 /* ctrlmode.c in Sources */,
				BE1FA8ED07AF96B2004B6283 /* filter.c in Sources */,
				BE1FA8EE07AF96B2004B6283 /* instrum.c in Sources */,
				BE1FA8EF07AF96B2004B6283 /* mix.c in Sources */,
				BE1FA8F007AF96B2004B6283 /* output.c in Sources */,
				BE1FA8F107AF96B2004B6283 /* playmidi.c in Sources */,
				BE1FA8F207AF96B2004B6283 /* readmidi.c in Sources */,
				BE1FA8F307AF96B2004B6283 /* resample.c in Sources */,
				BE1FA8F407AF96B2004B6283 /* sdl_a.c in Sources */,
				BE1FA8F507AF96B2004B6283 /* sdl_c.c in Sources */,
				BE1FA8F607AF96B2004B6283 /* tables.c in Sources */,
				BE1FA8F707AF96B2004B6283 /* timidity.c in Sources */,
				BE1FA8F807AF96B2004B6283 /* wavestream.c in Sources */,
				BE1FA8F907AF96B2004B6283 /* effect_position.c in Sources */,
				BE1FA8FA07AF96B2004B6283 /* effect_stereoreverse.c in Sources */,
				BE1FA8FB07AF96B2004B6283 /* effects_internal.c in Sources */,
				BE1FA8FC07AF96B2004B6283 /* load_aiff.c in Sources */,
				BE1FA8FD07AF96B2004B6283 /* load_voc.c in Sources */,
				BE1FA90007AF96B2004B6283 /* load_ogg.c in Sources */,
				04A8FCA70A19CAEC0046373F /* dynamic_mp3.c in Sources */,
				04A8FCAC0A19CB070046373F /* dynamic_ogg.c in Sources */,
				00938E33108A37800009CF19 /* load_flac.c in Sources */,
				00938E35108A37800009CF19 /* music_flac.c in Sources */,
				00938E37108A37800009CF19 /* music_mad.c in Sources */,
				00938E39108A37800009CF19 /* music_mod.c in Sources */,
				00938E4E108A397A0009CF19 /* dynamic_flac.c in Sources */,
				00938E50108A397A0009CF19 /* dynamic_mod.c in Sources */,
				0448E8AE108B937A00C9D3EA /* native_midi_macosx.c in Sources */,
				AA60213A176538EB00662B9C /* dynamic_fluidsynth.c in Sources */,
				AA602140176538EB00662B9C /* dynamic_modplug.c in Sources */,
				AA602144176538EB00662B9C /* fluidsynth.c in Sources */,
				AA602148176538EB00662B9C /* music_modplug.c in Sources */,
				04939B4E17E607F70015E4E3 /* load_mp3.c in Sources */,
			);
			runOnlyForDeploymentPostprocessing = 0;
		};
		BE1FA92107AF96B2004B6283 /* Sources */ = {
			isa = PBXSourcesBuildPhase;
			buildActionMask = 2147483647;
			files = (
				BE1FA93807AF96B2004B6283 /* mixer.c in Sources */,
				BE1FA93907AF96B2004B6283 /* music_cmd.c in Sources */,
				BE1FA93A07AF96B2004B6283 /* music_ogg.c in Sources */,
				BE1FA93B07AF96B2004B6283 /* music.c in Sources */,
				BE1FA93C07AF96B2004B6283 /* common.c in Sources */,
				BE1FA93D07AF96B2004B6283 /* ctrlmode.c in Sources */,
				BE1FA93E07AF96B2004B6283 /* filter.c in Sources */,
				BE1FA93F07AF96B2004B6283 /* instrum.c in Sources */,
				BE1FA94007AF96B2004B6283 /* mix.c in Sources */,
				BE1FA94107AF96B2004B6283 /* output.c in Sources */,
				BE1FA94207AF96B2004B6283 /* playmidi.c in Sources */,
				BE1FA94307AF96B2004B6283 /* readmidi.c in Sources */,
				BE1FA94407AF96B2004B6283 /* resample.c in Sources */,
				BE1FA94507AF96B2004B6283 /* sdl_a.c in Sources */,
				BE1FA94607AF96B2004B6283 /* sdl_c.c in Sources */,
				BE1FA94707AF96B2004B6283 /* tables.c in Sources */,
				BE1FA94807AF96B2004B6283 /* timidity.c in Sources */,
				BE1FA94907AF96B2004B6283 /* wavestream.c in Sources */,
				BE1FA94A07AF96B2004B6283 /* effect_position.c in Sources */,
				BE1FA94B07AF96B2004B6283 /* effect_stereoreverse.c in Sources */,
				BE1FA94C07AF96B2004B6283 /* effects_internal.c in Sources */,
				BE1FA94D07AF96B2004B6283 /* load_aiff.c in Sources */,
				BE1FA94E07AF96B2004B6283 /* load_voc.c in Sources */,
				BE1FA94F07AF96B2004B6283 /* load_ogg.c in Sources */,
				04A8FCA60A19CAEC0046373F /* dynamic_mp3.c in Sources */,
				04A8FCAB0A19CB070046373F /* dynamic_ogg.c in Sources */,
				00938E53108A397A0009CF19 /* dynamic_flac.c in Sources */,
				00938E55108A397A0009CF19 /* dynamic_mod.c in Sources */,
				0448E8AF108B937A00C9D3EA /* native_midi_macosx.c in Sources */,
				AA60213B176538EB00662B9C /* dynamic_fluidsynth.c in Sources */,
				AA602141176538EB00662B9C /* dynamic_modplug.c in Sources */,
				AA602145176538EB00662B9C /* fluidsynth.c in Sources */,
				AA602149176538EB00662B9C /* music_modplug.c in Sources */,
				04939B4F17E607F70015E4E3 /* load_mp3.c in Sources */,
			);
			runOnlyForDeploymentPostprocessing = 0;
		};
/* End PBXSourcesBuildPhase section */

/* Begin PBXTargetDependency section */
		009BF0901068AE4D00D68177 /* PBXTargetDependency */ = {
			isa = PBXTargetDependency;
			target = BE1FA8B407AF96B2004B6283 /* Framework */;
			targetProxy = 009BF08F1068AE4D00D68177 /* PBXContainerItemProxy */;
		};
/* End PBXTargetDependency section */

/* Begin XCBuildConfiguration section */
		00B7E48C097EC6B300826121 /* Release */ = {
			isa = XCBuildConfiguration;
			buildSettings = {
				COMBINE_HIDPI_IMAGES = YES;
				DYLIB_COMPATIBILITY_VERSION = 1;
				DYLIB_CURRENT_VERSION = 1.1.0;
				FRAMEWORK_SEARCH_PATHS = (
					"$(inherited)",
					"\"$(SRCROOT)/Frameworks\"",
				);
				GCC_PREPROCESSOR_DEFINITIONS = (
					CMD_MUSIC,
					WAV_MUSIC,
					MODPLUG_MUSIC,
					"MODPLUG_HEADER=\"<modplug.h>\"",
					MP3_MUSIC,
					MID_MUSIC,
					USE_NATIVE_MIDI,
					OGG_MUSIC,
					FLAC_MUSIC,
				);
				INFOPLIST_FILE = "Info-Framework.plist";
				INSTALL_PATH = "@rpath";
				LD_RUNPATH_SEARCH_PATHS = "@loader_path/Frameworks";
				OTHER_LDFLAGS = (
					"-weak_framework",
					FLAC,
					"-weak_framework",
					modplug,
					"-weak_framework",
					smpeg2,
					"-weak_framework",
					Vorbis,
				);
				WRAPPER_EXTENSION = framework;
			};
			name = Release;
		};
		00B7E48D097EC6B300826121 /* Debug */ = {
			isa = XCBuildConfiguration;
			buildSettings = {
				COMBINE_HIDPI_IMAGES = YES;
				DYLIB_COMPATIBILITY_VERSION = 1;
				DYLIB_CURRENT_VERSION = 1.1.0;
				FRAMEWORK_SEARCH_PATHS = (
					"$(inherited)",
					"\"$(SRCROOT)/Frameworks\"",
				);
				GCC_PREPROCESSOR_DEFINITIONS = (
					CMD_MUSIC,
					WAV_MUSIC,
					MODPLUG_MUSIC,
					"MODPLUG_HEADER=\"<modplug.h>\"",
					MP3_MUSIC,
					MID_MUSIC,
					USE_NATIVE_MIDI,
					OGG_MUSIC,
					FLAC_MUSIC,
				);
				INFOPLIST_FILE = "Info-Framework.plist";
				INSTALL_PATH = "@rpath";
				LD_RUNPATH_SEARCH_PATHS = "@loader_path/Frameworks";
				OTHER_LDFLAGS = (
					"-weak_framework",
					FLAC,
					"-weak_framework",
					modplug,
					"-weak_framework",
					smpeg2,
					"-weak_framework",
					Vorbis,
				);
				WRAPPER_EXTENSION = framework;
			};
			name = Debug;
		};
		00B7E490097EC6B300826121 /* Release */ = {
			isa = XCBuildConfiguration;
			buildSettings = {
				COMBINE_HIDPI_IMAGES = YES;
				GCC_PREPROCESSOR_DEFINITIONS = (
					CMD_MUSIC,
					WAV_MUSIC,
					MID_MUSIC,
					USE_NATIVE_MIDI,
					MP3_MUSIC_DISABLED,
				);
				LIBRARY_STYLE = STATIC;
				OTHER_LIBTOOL_FLAGS = "";
				OTHER_REZFLAGS = "";
				REZ_EXECUTABLE = YES;
				SKIP_INSTALL = YES;
			};
			name = Release;
		};
		00B7E491097EC6B300826121 /* Debug */ = {
			isa = XCBuildConfiguration;
			buildSettings = {
				COMBINE_HIDPI_IMAGES = YES;
				DEBUGGING_SYMBOLS = YES;
				GCC_PREPROCESSOR_DEFINITIONS = (
					CMD_MUSIC,
					WAV_MUSIC,
					MID_MUSIC,
					USE_NATIVE_MIDI,
					MP3_MUSIC_DISABLED,
				);
				LIBRARY_STYLE = STATIC;
				OTHER_LIBTOOL_FLAGS = "";
				OTHER_REZFLAGS = "";
				REZ_EXECUTABLE = YES;
				SKIP_INSTALL = YES;
			};
			name = Debug;
		};
		00B7E494097EC6B300826121 /* Release */ = {
			isa = XCBuildConfiguration;
			buildSettings = {
				OTHER_CFLAGS = "";
				OTHER_LDFLAGS = "";
				OTHER_REZFLAGS = "";
				PRODUCT_NAME = "Create DMG";
				REZ_EXECUTABLE = YES;
				SECTORDER_FLAGS = "";
				WARNING_CFLAGS = (
					"-Wmost",
					"-Wno-four-char-constants",
					"-Wno-unknown-pragmas",
				);
				ZERO_LINK = NO;
			};
			name = Release;
		};
		00B7E495097EC6B300826121 /* Debug */ = {
			isa = XCBuildConfiguration;
			buildSettings = {
				DEBUGGING_SYMBOLS = YES;
				GCC_DYNAMIC_NO_PIC = NO;
				GCC_GENERATE_DEBUGGING_SYMBOLS = YES;
				GCC_OPTIMIZATION_LEVEL = 0;
				OTHER_CFLAGS = "";
				OTHER_LDFLAGS = (
					"-flat_namespace",
					"-all_load",
				);
				OTHER_REZFLAGS = "";
				PRODUCT_NAME = "Create DMG";
				REZ_EXECUTABLE = YES;
				SECTORDER_FLAGS = "";
				WARNING_CFLAGS = (
					"-Wmost",
					"-Wno-four-char-constants",
					"-Wno-unknown-pragmas",
				);
				ZERO_LINK = YES;
			};
			name = Debug;
		};
		00B7E498097EC6B300826121 /* Release */ = {
			isa = XCBuildConfiguration;
			buildSettings = {
				DEPLOYMENT_POSTPROCESSING = YES;
				FRAMEWORK_SEARCH_PATHS = (
					"$(FRAMEWORK_SEARCH_PATHS_QUOTED)",
					"$(HOME)/Library/Frameworks",
					/Library/Frameworks,
				);
				FRAMEWORK_SEARCH_PATHS_QUOTED = "\"$(SRCROOT)/Frameworks\"";
				GCC_GENERATE_DEBUGGING_SYMBOLS = NO;
				GCC_PREPROCESSOR_DEFINITIONS = (
					CMD_MUSIC,
					WAV_MUSIC,
					MOD_MUSIC,
					MP3_MUSIC,
					MID_MUSIC,
					USE_NATIVE_MIDI,
					OGG_MUSIC,
					FLAC_MUSIC,
				);
				GCC_SYMBOLS_PRIVATE_EXTERN = YES;
				HEADER_SEARCH_PATHS = (
					"$(HEADER_SEARCH_PATHS_QUOTED)",
					"$(HOME)/Library/Frameworks/SDL2.framework/Headers",
					/Library/Frameworks/SDL2.framework/Headers,
				);
				HEADER_SEARCH_PATHS_QUOTED = "\"$(SRCROOT)/Frameworks/modplug.framework/Headers\" \"$(SRCROOT)/Frameworks/Ogg.framework/Headers\" \"$(SRCROOT)/Frameworks/Vorbis.framework/Headers\" \"$(SRCROOT)/Frameworks/FLAC.framework/Headers\" \"$(SRCROOT)/Frameworks/smpeg2.framework/Headers\"";
				MACOSX_DEPLOYMENT_TARGET = 10.5;
				PRODUCT_NAME = SDL2_mixer;
				SDKROOT = macosx;
				SEPARATE_STRIP = YES;
				STRIP_STYLE = "non-global";
			};
			name = Release;
		};
		00B7E499097EC6B300826121 /* Debug */ = {
			isa = XCBuildConfiguration;
			buildSettings = {
				FRAMEWORK_SEARCH_PATHS = (
					"$(FRAMEWORK_SEARCH_PATHS_QUOTED)",
					"$(HOME)/Library/Frameworks",
					/Library/Frameworks,
				);
				FRAMEWORK_SEARCH_PATHS_QUOTED = "\"$(SRCROOT)/Frameworks\"";
				GCC_OPTIMIZATION_LEVEL = 0;
				GCC_PREPROCESSOR_DEFINITIONS = (
					CMD_MUSIC,
					WAV_MUSIC,
					MOD_MUSIC,
					MP3_MUSIC,
					MID_MUSIC,
					USE_NATIVE_MIDI,
					OGG_MUSIC,
					FLAC_MUSIC,
				);
				GCC_SYMBOLS_PRIVATE_EXTERN = YES;
				HEADER_SEARCH_PATHS = (
					"$(HEADER_SEARCH_PATHS_QUOTED)",
					"$(HOME)/Library/Frameworks/SDL2.framework/Headers",
					/Library/Frameworks/SDL2.framework/Headers,
				);
				HEADER_SEARCH_PATHS_QUOTED = "\"$(SRCROOT)/Frameworks/modplug.framework/Headers\" \"$(SRCROOT)/Frameworks/Ogg.framework/Headers\" \"$(SRCROOT)/Frameworks/Vorbis.framework/Headers\" \"$(SRCROOT)/Frameworks/FLAC.framework/Headers\" \"$(SRCROOT)/Frameworks/smpeg2.framework/Headers\"";
				MACOSX_DEPLOYMENT_TARGET = 10.5;
				ONLY_ACTIVE_ARCH = YES;
				PRODUCT_NAME = SDL2_mixer;
				SDKROOT = macosx;
			};
			name = Debug;
		};
/* End XCBuildConfiguration section */

/* Begin XCConfigurationList section */
		00B7E48B097EC6B300826121 /* Build configuration list for PBXNativeTarget "Framework" */ = {
			isa = XCConfigurationList;
			buildConfigurations = (
				00B7E48C097EC6B300826121 /* Release */,
				00B7E48D097EC6B300826121 /* Debug */,
			);
			defaultConfigurationIsVisible = 0;
			defaultConfigurationName = Release;
		};
		00B7E48F097EC6B300826121 /* Build configuration list for PBXNativeTarget "Static Library" */ = {
			isa = XCConfigurationList;
			buildConfigurations = (
				00B7E490097EC6B300826121 /* Release */,
				00B7E491097EC6B300826121 /* Debug */,
			);
			defaultConfigurationIsVisible = 0;
			defaultConfigurationName = Release;
		};
		00B7E493097EC6B300826121 /* Build configuration list for PBXNativeTarget "Create DMG" */ = {
			isa = XCConfigurationList;
			buildConfigurations = (
				00B7E494097EC6B300826121 /* Release */,
				00B7E495097EC6B300826121 /* Debug */,
			);
			defaultConfigurationIsVisible = 0;
			defaultConfigurationName = Release;
		};
		00B7E497097EC6B300826121 /* Build configuration list for PBXProject "SDL_mixer" */ = {
			isa = XCConfigurationList;
			buildConfigurations = (
				00B7E498097EC6B300826121 /* Release */,
				00B7E499097EC6B300826121 /* Debug */,
			);
			defaultConfigurationIsVisible = 0;
			defaultConfigurationName = Release;
		};
/* End XCConfigurationList section */
	};
	rootObject = 0867D690FE84028FC02AAC07 /* Project object */;
}
